
Microsoft Visual Studio Solution File, Format Version 12.00
# Visual Studio 15
VisualStudioVersion = 15.0.27428.2037
MinimumVisualStudioVersion = 10.0.40219.1
Project("{FAE04EC0-301F-11D3-BF4B-00C04F79EFBC}") = "WorkingWithSML", "WorkingWithSML\WorkingWithSML.csproj", "{8B96F06E-19DD-4322-BEEC-87ADDF55190F}"
EndProject
Global
	GlobalSection(SolutionConfigurationPlatforms) = preSolution
		Debug|Any CPU = Debug|Any CPU
		Release|Any CPU = Release|Any CPU
	EndGlobalSection
	GlobalSection(ProjectConfigurationPlatforms) = postSolution
		{8B96F06E-19DD-4322-BEEC-87ADDF55190F}.Debug|Any CPU.ActiveCfg = Debug|Any CPU
		{8B96F06E-19DD-4322-BEEC-87ADDF55190F}.Debug|Any CPU.Build.0 = Debug|Any CPU
		{8B96F06E-19DD-4322-BEEC-87ADDF55190F}.Release|Any CPU.ActiveCfg = Release|Any CPU
		{8B96F06E-19DD-4322-BEEC-87ADDF55190F}.Release|Any CPU.Build.0 = Release|Any CPU
	EndGlobalSection
	GlobalSection(SolutionProperties) = preSolution
		HideSolutionNode = FALSE
	EndGlobalSection
	GlobalSection(ExtensibilityGlobals) = postSolution
		SolutionGuid = {1FCCECFA-9856-44AE-9384-E6E02BA5FE4D}
	EndGlobalSection
EndGlobal
