
Microsoft Visual Studio Solution File, Format Version 12.00
# Visual Studio 15
VisualStudioVersion = 15.0.27428.2011
MinimumVisualStudioVersion = 10.0.40219.1
Project("{2150E333-8FDC-42A3-9474-1A3956D46DE8}") = "CSharpBook", "CSharpBook", "{7F4C80A6-35D6-42CB-B0BF-1F04F2A856CF}"
EndProject
Project("{9A19103F-16F7-4668-BE54-9A1E7A4F7556}") = "School", "School\School.csproj", "{3442008A-A592-4B30-9CA7-A6E8A4A27EEA}"
EndProject
Project("{9A19103F-16F7-4668-BE54-9A1E7A4F7556}") = "PersonSalary", "PersonSalary\PersonSalary.csproj", "{3C62F3AC-15AE-4AAF-A0A8-DD7FD590020A}"
EndProject
Project("{9A19103F-16F7-4668-BE54-9A1E7A4F7556}") = "ShapesOfGray", "ShapesOfGray\ShapesOfGray.csproj", "{17A0C43E-0A7A-48AD-9C97-BE94BD628AB6}"
EndProject
Project("{9A19103F-16F7-4668-BE54-9A1E7A4F7556}") = "AnimalFarm", "AnimalFarm\AnimalFarm.csproj", "{C7F162C6-AEDA-4C7D-ACDC-161CB9B4E628}"
EndProject
Project("{9A19103F-16F7-4668-BE54-9A1E7A4F7556}") = "BankSystem", "BankSystem\BankSystem.csproj", "{3ADEB39F-7752-4ACE-BA69-6DB628CEC477}"
EndProject
Project("{2150E333-8FDC-42A3-9474-1A3956D46DE8}") = "Patterns", "Patterns", "{D6636810-919D-4284-B7DF-A27A75919EA5}"
EndProject
Project("{2150E333-8FDC-42A3-9474-1A3956D46DE8}") = "AbstractFactory", "AbstractFactory", "{35E45755-6264-4DA9-962E-D6D96CBF5BC2}"
EndProject
Project("{2150E333-8FDC-42A3-9474-1A3956D46DE8}") = "SimpleFactoryPattern", "SimpleFactoryPattern", "{555D8211-4BEB-4B2A-AF74-E2F62111173D}"
EndProject
Project("{FAE04EC0-301F-11D3-BF4B-00C04F79EFBC}") = "FanIndustry", "FanIndustry\FanIndustry.csproj", "{FB03435F-208A-4556-A53F-0D7EB1FEFAC0}"
EndProject
Project("{2150E333-8FDC-42A3-9474-1A3956D46DE8}") = "FactoryMethodPattern", "FactoryMethodPattern", "{C4312CF8-72ED-4CE3-A089-231FA457267F}"
EndProject
Project("{FAE04EC0-301F-11D3-BF4B-00C04F79EFBC}") = "FanFactoryPart2", "FanFactoryPart2\FanFactoryPart2.csproj", "{5CD4F0BA-A764-4599-8C2F-E947EA83B465}"
EndProject
Project("{FAE04EC0-301F-11D3-BF4B-00C04F79EFBC}") = "FanFactoryPart3", "FanFactoryPart3\FanFactoryPart3.csproj", "{84A64B51-CE51-4D7B-9A41-9904F20566A3}"
EndProject
Global
	GlobalSection(SolutionConfigurationPlatforms) = preSolution
		Debug|Any CPU = Debug|Any CPU
		Release|Any CPU = Release|Any CPU
	EndGlobalSection
	GlobalSection(ProjectConfigurationPlatforms) = postSolution
		{3442008A-A592-4B30-9CA7-A6E8A4A27EEA}.Debug|Any CPU.ActiveCfg = Debug|Any CPU
		{3442008A-A592-4B30-9CA7-A6E8A4A27EEA}.Debug|Any CPU.Build.0 = Debug|Any CPU
		{3442008A-A592-4B30-9CA7-A6E8A4A27EEA}.Release|Any CPU.ActiveCfg = Release|Any CPU
		{3442008A-A592-4B30-9CA7-A6E8A4A27EEA}.Release|Any CPU.Build.0 = Release|Any CPU
		{3C62F3AC-15AE-4AAF-A0A8-DD7FD590020A}.Debug|Any CPU.ActiveCfg = Debug|Any CPU
		{3C62F3AC-15AE-4AAF-A0A8-DD7FD590020A}.Debug|Any CPU.Build.0 = Debug|Any CPU
		{3C62F3AC-15AE-4AAF-A0A8-DD7FD590020A}.Release|Any CPU.ActiveCfg = Release|Any CPU
		{3C62F3AC-15AE-4AAF-A0A8-DD7FD590020A}.Release|Any CPU.Build.0 = Release|Any CPU
		{17A0C43E-0A7A-48AD-9C97-BE94BD628AB6}.Debug|Any CPU.ActiveCfg = Debug|Any CPU
		{17A0C43E-0A7A-48AD-9C97-BE94BD628AB6}.Debug|Any CPU.Build.0 = Debug|Any CPU
		{17A0C43E-0A7A-48AD-9C97-BE94BD628AB6}.Release|Any CPU.ActiveCfg = Release|Any CPU
		{17A0C43E-0A7A-48AD-9C97-BE94BD628AB6}.Release|Any CPU.Build.0 = Release|Any CPU
		{C7F162C6-AEDA-4C7D-ACDC-161CB9B4E628}.Debug|Any CPU.ActiveCfg = Debug|Any CPU
		{C7F162C6-AEDA-4C7D-ACDC-161CB9B4E628}.Debug|Any CPU.Build.0 = Debug|Any CPU
		{C7F162C6-AEDA-4C7D-ACDC-161CB9B4E628}.Release|Any CPU.ActiveCfg = Release|Any CPU
		{C7F162C6-AEDA-4C7D-ACDC-161CB9B4E628}.Release|Any CPU.Build.0 = Release|Any CPU
		{3ADEB39F-7752-4ACE-BA69-6DB628CEC477}.Debug|Any CPU.ActiveCfg = Debug|Any CPU
		{3ADEB39F-7752-4ACE-BA69-6DB628CEC477}.Debug|Any CPU.Build.0 = Debug|Any CPU
		{3ADEB39F-7752-4ACE-BA69-6DB628CEC477}.Release|Any CPU.ActiveCfg = Release|Any CPU
		{3ADEB39F-7752-4ACE-BA69-6DB628CEC477}.Release|Any CPU.Build.0 = Release|Any CPU
		{FB03435F-208A-4556-A53F-0D7EB1FEFAC0}.Debug|Any CPU.ActiveCfg = Debug|Any CPU
		{FB03435F-208A-4556-A53F-0D7EB1FEFAC0}.Debug|Any CPU.Build.0 = Debug|Any CPU
		{FB03435F-208A-4556-A53F-0D7EB1FEFAC0}.Release|Any CPU.ActiveCfg = Release|Any CPU
		{FB03435F-208A-4556-A53F-0D7EB1FEFAC0}.Release|Any CPU.Build.0 = Release|Any CPU
		{5CD4F0BA-A764-4599-8C2F-E947EA83B465}.Debug|Any CPU.ActiveCfg = Debug|Any CPU
		{5CD4F0BA-A764-4599-8C2F-E947EA83B465}.Debug|Any CPU.Build.0 = Debug|Any CPU
		{5CD4F0BA-A764-4599-8C2F-E947EA83B465}.Release|Any CPU.ActiveCfg = Release|Any CPU
		{5CD4F0BA-A764-4599-8C2F-E947EA83B465}.Release|Any CPU.Build.0 = Release|Any CPU
		{84A64B51-CE51-4D7B-9A41-9904F20566A3}.Debug|Any CPU.ActiveCfg = Debug|Any CPU
		{84A64B51-CE51-4D7B-9A41-9904F20566A3}.Debug|Any CPU.Build.0 = Debug|Any CPU
		{84A64B51-CE51-4D7B-9A41-9904F20566A3}.Release|Any CPU.ActiveCfg = Release|Any CPU
		{84A64B51-CE51-4D7B-9A41-9904F20566A3}.Release|Any CPU.Build.0 = Release|Any CPU
	EndGlobalSection
	GlobalSection(SolutionProperties) = preSolution
		HideSolutionNode = FALSE
	EndGlobalSection
	GlobalSection(NestedProjects) = preSolution
		{3442008A-A592-4B30-9CA7-A6E8A4A27EEA} = {7F4C80A6-35D6-42CB-B0BF-1F04F2A856CF}
		{3C62F3AC-15AE-4AAF-A0A8-DD7FD590020A} = {7F4C80A6-35D6-42CB-B0BF-1F04F2A856CF}
		{17A0C43E-0A7A-48AD-9C97-BE94BD628AB6} = {7F4C80A6-35D6-42CB-B0BF-1F04F2A856CF}
		{C7F162C6-AEDA-4C7D-ACDC-161CB9B4E628} = {7F4C80A6-35D6-42CB-B0BF-1F04F2A856CF}
		{3ADEB39F-7752-4ACE-BA69-6DB628CEC477} = {7F4C80A6-35D6-42CB-B0BF-1F04F2A856CF}
		{D6636810-919D-4284-B7DF-A27A75919EA5} = {7F4C80A6-35D6-42CB-B0BF-1F04F2A856CF}
		{35E45755-6264-4DA9-962E-D6D96CBF5BC2} = {D6636810-919D-4284-B7DF-A27A75919EA5}
		{555D8211-4BEB-4B2A-AF74-E2F62111173D} = {D6636810-919D-4284-B7DF-A27A75919EA5}
		{FB03435F-208A-4556-A53F-0D7EB1FEFAC0} = {555D8211-4BEB-4B2A-AF74-E2F62111173D}
		{C4312CF8-72ED-4CE3-A089-231FA457267F} = {D6636810-919D-4284-B7DF-A27A75919EA5}
		{5CD4F0BA-A764-4599-8C2F-E947EA83B465} = {C4312CF8-72ED-4CE3-A089-231FA457267F}
		{84A64B51-CE51-4D7B-9A41-9904F20566A3} = {35E45755-6264-4DA9-962E-D6D96CBF5BC2}
	EndGlobalSection
	GlobalSection(ExtensibilityGlobals) = postSolution
		SolutionGuid = {FDD7EDD6-DA0F-4259-B7BD-BB47A2964495}
	EndGlobalSection
EndGlobal
