
Microsoft Visual Studio Solution File, Format Version 12.00
# Visual Studio 15
VisualStudioVersion = 15.0.28307.421
MinimumVisualStudioVersion = 10.0.40219.1
Project("{2150E333-8FDC-42A3-9474-1A3956D46DE8}") = "Solution Items", "Solution Items", "{2FF8A877-5BA8-4CE2-ABA4-B063F1B1F396}"
	ProjectSection(SolutionItems) = preProject
		README.md = README.md
	EndProjectSection
EndProject
Project("{2150E333-8FDC-42A3-9474-1A3956D46DE8}") = "src", "src", "{5476C8C0-649D-46C4-98DF-92B96CC1C40F}"
EndProject
Project("{2150E333-8FDC-42A3-9474-1A3956D46DE8}") = "Data", "Data", "{A260EBFC-16BA-4B89-AD45-5F4A76044447}"
EndProject
Project("{2150E333-8FDC-42A3-9474-1A3956D46DE8}") = "Business", "Business", "{26B4B0D4-0A94-4CE0-BB53-1E4D993631B9}"
EndProject
Project("{2150E333-8FDC-42A3-9474-1A3956D46DE8}") = "Presentation", "Presentation", "{FB264F01-A815-485D-9F5B-9D9726BAA0C6}"
EndProject
Project("{2150E333-8FDC-42A3-9474-1A3956D46DE8}") = "Tests", "Tests", "{14CCEB5A-FEFC-4867-9FFC-385B8DAE8CBB}"
EndProject
Project("{2150E333-8FDC-42A3-9474-1A3956D46DE8}") = "Utilities", "Utilities", "{77719F3E-5D58-41DE-807D-34EC50A5FE36}"
EndProject
Project("{FAE04EC0-301F-11D3-BF4B-00C04F79EFBC}") = "UniversitySystem.Web", "UniversitySystem.Web\UniversitySystem.Web.csproj", "{668FED2D-0A49-4423-B45F-CC13BE5AAC93}"
EndProject
Project("{FAE04EC0-301F-11D3-BF4B-00C04F79EFBC}") = "UniversiteySystem.Data", "UniversiteySystem.Data\UniversiteySystem.Data.csproj", "{F217B996-95D9-40B3-9BA0-ADACDDF2526B}"
EndProject
Project("{2150E333-8FDC-42A3-9474-1A3956D46DE8}") = "Models", "Models", "{ED26E8E1-BBBC-4398-902D-D41D2DD00122}"
EndProject
Project("{FAE04EC0-301F-11D3-BF4B-00C04F79EFBC}") = "UniversitySystem.Models", "UniversitySystem.Models\UniversitySystem.Models.csproj", "{E7F79C42-53F9-417B-832A-404A3B9D2F2B}"
EndProject
Project("{FAE04EC0-301F-11D3-BF4B-00C04F79EFBC}") = "UniversitySystem.StudentServices", "UniversitySystem.StudentServices\UniversitySystem.StudentServices.csproj", "{AEF76F1C-DBC6-4C06-8DB6-49866E9CAC66}"
EndProject
Project("{9A19103F-16F7-4668-BE54-9A1E7A4F7556}") = "ValidatorGuard", "..\RazorPagesInAspNetCore\ValidatorGuard\ValidatorGuard.csproj", "{A51FF47B-F33C-4CF3-9470-E1228BEE5E22}"
EndProject
Global
	GlobalSection(SolutionConfigurationPlatforms) = preSolution
		Debug|Any CPU = Debug|Any CPU
		Release|Any CPU = Release|Any CPU
	EndGlobalSection
	GlobalSection(ProjectConfigurationPlatforms) = postSolution
		{668FED2D-0A49-4423-B45F-CC13BE5AAC93}.Debug|Any CPU.ActiveCfg = Debug|Any CPU
		{668FED2D-0A49-4423-B45F-CC13BE5AAC93}.Debug|Any CPU.Build.0 = Debug|Any CPU
		{668FED2D-0A49-4423-B45F-CC13BE5AAC93}.Release|Any CPU.ActiveCfg = Release|Any CPU
		{668FED2D-0A49-4423-B45F-CC13BE5AAC93}.Release|Any CPU.Build.0 = Release|Any CPU
		{F217B996-95D9-40B3-9BA0-ADACDDF2526B}.Debug|Any CPU.ActiveCfg = Debug|Any CPU
		{F217B996-95D9-40B3-9BA0-ADACDDF2526B}.Debug|Any CPU.Build.0 = Debug|Any CPU
		{F217B996-95D9-40B3-9BA0-ADACDDF2526B}.Release|Any CPU.ActiveCfg = Release|Any CPU
		{F217B996-95D9-40B3-9BA0-ADACDDF2526B}.Release|Any CPU.Build.0 = Release|Any CPU
		{E7F79C42-53F9-417B-832A-404A3B9D2F2B}.Debug|Any CPU.ActiveCfg = Debug|Any CPU
		{E7F79C42-53F9-417B-832A-404A3B9D2F2B}.Debug|Any CPU.Build.0 = Debug|Any CPU
		{E7F79C42-53F9-417B-832A-404A3B9D2F2B}.Release|Any CPU.ActiveCfg = Release|Any CPU
		{E7F79C42-53F9-417B-832A-404A3B9D2F2B}.Release|Any CPU.Build.0 = Release|Any CPU
		{AEF76F1C-DBC6-4C06-8DB6-49866E9CAC66}.Debug|Any CPU.ActiveCfg = Debug|Any CPU
		{AEF76F1C-DBC6-4C06-8DB6-49866E9CAC66}.Debug|Any CPU.Build.0 = Debug|Any CPU
		{AEF76F1C-DBC6-4C06-8DB6-49866E9CAC66}.Release|Any CPU.ActiveCfg = Release|Any CPU
		{AEF76F1C-DBC6-4C06-8DB6-49866E9CAC66}.Release|Any CPU.Build.0 = Release|Any CPU
		{A51FF47B-F33C-4CF3-9470-E1228BEE5E22}.Debug|Any CPU.ActiveCfg = Debug|Any CPU
		{A51FF47B-F33C-4CF3-9470-E1228BEE5E22}.Debug|Any CPU.Build.0 = Debug|Any CPU
		{A51FF47B-F33C-4CF3-9470-E1228BEE5E22}.Release|Any CPU.ActiveCfg = Release|Any CPU
		{A51FF47B-F33C-4CF3-9470-E1228BEE5E22}.Release|Any CPU.Build.0 = Release|Any CPU
	EndGlobalSection
	GlobalSection(SolutionProperties) = preSolution
		HideSolutionNode = FALSE
	EndGlobalSection
	GlobalSection(NestedProjects) = preSolution
		{A260EBFC-16BA-4B89-AD45-5F4A76044447} = {5476C8C0-649D-46C4-98DF-92B96CC1C40F}
		{26B4B0D4-0A94-4CE0-BB53-1E4D993631B9} = {5476C8C0-649D-46C4-98DF-92B96CC1C40F}
		{FB264F01-A815-485D-9F5B-9D9726BAA0C6} = {5476C8C0-649D-46C4-98DF-92B96CC1C40F}
		{14CCEB5A-FEFC-4867-9FFC-385B8DAE8CBB} = {5476C8C0-649D-46C4-98DF-92B96CC1C40F}
		{77719F3E-5D58-41DE-807D-34EC50A5FE36} = {5476C8C0-649D-46C4-98DF-92B96CC1C40F}
		{668FED2D-0A49-4423-B45F-CC13BE5AAC93} = {FB264F01-A815-485D-9F5B-9D9726BAA0C6}
		{F217B996-95D9-40B3-9BA0-ADACDDF2526B} = {A260EBFC-16BA-4B89-AD45-5F4A76044447}
		{ED26E8E1-BBBC-4398-902D-D41D2DD00122} = {5476C8C0-649D-46C4-98DF-92B96CC1C40F}
		{E7F79C42-53F9-417B-832A-404A3B9D2F2B} = {ED26E8E1-BBBC-4398-902D-D41D2DD00122}
		{AEF76F1C-DBC6-4C06-8DB6-49866E9CAC66} = {26B4B0D4-0A94-4CE0-BB53-1E4D993631B9}
		{A51FF47B-F33C-4CF3-9470-E1228BEE5E22} = {77719F3E-5D58-41DE-807D-34EC50A5FE36}
	EndGlobalSection
	GlobalSection(ExtensibilityGlobals) = postSolution
		SolutionGuid = {694E129A-0DF0-4FBC-B66C-6297BEBE5F2E}
	EndGlobalSection
EndGlobal
