
Microsoft Visual Studio Solution File, Format Version 12.00
# Visual Studio 15
VisualStudioVersion = 15.0.27428.2011
MinimumVisualStudioVersion = 10.0.40219.1
Project("{FAE04EC0-301F-11D3-BF4B-00C04F79EFBC}") = "PhoneINfo", "A:\Telerik_Alpha_NET_Prep\09_CreatingAndUsingObjectsExercise\CSharpIntroBook\PhoneINfo\PhoneINfo.csproj", "{B20437CB-4CA6-4FDA-89F9-BC3712FD14DF}"
EndProject
Project("{FAE04EC0-301F-11D3-BF4B-00C04F79EFBC}") = "BankAccountSystem", "A:\Telerik_Alpha_NET_Prep\09_CreatingAndUsingObjectsExercise\SoftUni\BankAccountSystem\BankAccountSystem.csproj", "{4BB9F3CD-E85F-4EEB-86B1-D7B81A2A69AC}"
EndProject
Project("{FAE04EC0-301F-11D3-BF4B-00C04F79EFBC}") = "DefinePersons", "A:\Telerik_Alpha_NET_Prep\09_CreatingAndUsingObjectsExercise\SoftUni\FefinePersons\DefinePersons.csproj", "{77C56233-A153-4545-A697-38E0F85B11B0}"
EndProject
Project("{FAE04EC0-301F-11D3-BF4B-00C04F79EFBC}") = "StudentsInfo", "A:\Telerik_Alpha_NET_Prep\09_CreatingAndUsingObjectsExercise\SoftUni\StudentsInfo\StudentsInfo.csproj", "{5F7C108E-CF75-4986-99F2-83D10FB4CA96}"
EndProject
Project("{FAE04EC0-301F-11D3-BF4B-00C04F79EFBC}") = "MobilePhone", "A:\Telerik_Alpha_NET_Prep\09_CreatingAndUsingObjectsExercise\Telerik\MobilePhone\MobilePhone.csproj", "{8E8CE003-3B37-4D7A-B020-D8F007EAA555}"
EndProject
Project("{FAE04EC0-301F-11D3-BF4B-00C04F79EFBC}") = "MobilePhone.Tests", "A:\Telerik_Alpha_NET_Prep\09_CreatingAndUsingObjectsExercise\Telerik\MobilePhone.Tests\MobilePhone.Tests.csproj", "{67FCCB9A-C466-42AD-86F9-662A178637B3}"
EndProject
Project("{2150E333-8FDC-42A3-9474-1A3956D46DE8}") = "Telerik", "Telerik", "{BFA07F8A-7987-4364-A365-BCE7E0CCADED}"
EndProject
Project("{2150E333-8FDC-42A3-9474-1A3956D46DE8}") = "SoftUni", "SoftUni", "{CE7D3DB3-B954-4ED2-99B2-5F1CF0A92031}"
EndProject
Project("{2150E333-8FDC-42A3-9474-1A3956D46DE8}") = "CSharpBook", "CSharpBook", "{087C7507-8316-48A4-9E4C-3BBA39B134D5}"
EndProject
Project("{FAE04EC0-301F-11D3-BF4B-00C04F79EFBC}") = "LibraryInfo", "LibraryInfo\LibraryInfo.csproj", "{318E2713-96B0-4046-BCBD-10B815BD5567}"
EndProject
Project("{FAE04EC0-301F-11D3-BF4B-00C04F79EFBC}") = "School", "School\School.csproj", "{B59C42E8-3539-409C-A101-27165C8145D3}"
EndProject
Project("{9A19103F-16F7-4668-BE54-9A1E7A4F7556}") = "CSharpIntroBook", "CSharpIntroBook\SchoolInfo\CSharpIntroBook.csproj", "{6248C1FA-5E9B-472D-85A2-9D3A3CA7C888}"
EndProject
Project("{9A19103F-16F7-4668-BE54-9A1E7A4F7556}") = "GenericLIstExercise", "GenericLIstExercise\GenericLIstExercise.csproj", "{4FB7CE25-FE7E-477C-821F-EA911DA16D00}"
EndProject
Project("{2150E333-8FDC-42A3-9474-1A3956D46DE8}") = "BasicOOP", "BasicOOP", "{C2E2DB98-A397-4907-BA49-094F80EC2D27}"
EndProject
Project("{2150E333-8FDC-42A3-9474-1A3956D46DE8}") = "DefiningClasses", "DefiningClasses", "{4255E6AE-18F7-426D-9BBC-27794EA012D8}"
EndProject
Project("{2150E333-8FDC-42A3-9474-1A3956D46DE8}") = "Lab", "Lab", "{594C6BB7-A8B9-450F-B9C8-36C5D3B8DBA1}"
EndProject
Project("{2150E333-8FDC-42A3-9474-1A3956D46DE8}") = "Exercise", "Exercise", "{F8258ADA-BC07-48D3-9676-923B23E1877E}"
EndProject
Project("{9A19103F-16F7-4668-BE54-9A1E7A4F7556}") = "ThePersons", "ThePersons\ThePersons.csproj", "{9BF5E5C6-C493-44FA-A2BB-81E15E91F1E4}"
EndProject
Project("{9A19103F-16F7-4668-BE54-9A1E7A4F7556}") = "DateModifier", "DateModifier\DateModifier.csproj", "{D0A6C8B3-9D73-4CFB-8FEE-59443DF40C9B}"
EndProject
Project("{9A19103F-16F7-4668-BE54-9A1E7A4F7556}") = "CompanyRoster", "CompanyRoster\CompanyRoster.csproj", "{38D81CC8-0E58-4A86-A054-6C687A423CEB}"
EndProject
Project("{9A19103F-16F7-4668-BE54-9A1E7A4F7556}") = "SpeedRacing", "SpeedRacing\SpeedRacing.csproj", "{F05918E2-0B3A-4F19-8483-9B80B09DBA73}"
EndProject
Project("{FAE04EC0-301F-11D3-BF4B-00C04F79EFBC}") = "RawData", "RawData\RawData.csproj", "{450F77C9-E80A-4DC9-B832-60B8CB915669}"
EndProject
Project("{FAE04EC0-301F-11D3-BF4B-00C04F79EFBC}") = "CarSalesman", "CarSalesman\CarSalesman.csproj", "{6DEC0419-C243-465C-B4BF-8B5657DE30C8}"
EndProject
Project("{FAE04EC0-301F-11D3-BF4B-00C04F79EFBC}") = "PokemonTrainer", "PokemonTrainer\PokemonTrainer.csproj", "{05A1FA37-5D3B-4A40-888B-57D5C80D1AB6}"
EndProject
Project("{FAE04EC0-301F-11D3-BF4B-00C04F79EFBC}") = "Google", "Google\Google.csproj", "{A82A7807-EDE7-4F6B-BD9A-75E26F6B6518}"
EndProject
Global
	GlobalSection(SolutionConfigurationPlatforms) = preSolution
		Debug|Any CPU = Debug|Any CPU
		Release|Any CPU = Release|Any CPU
	EndGlobalSection
	GlobalSection(ProjectConfigurationPlatforms) = postSolution
		{B20437CB-4CA6-4FDA-89F9-BC3712FD14DF}.Debug|Any CPU.ActiveCfg = Debug|Any CPU
		{B20437CB-4CA6-4FDA-89F9-BC3712FD14DF}.Debug|Any CPU.Build.0 = Debug|Any CPU
		{B20437CB-4CA6-4FDA-89F9-BC3712FD14DF}.Release|Any CPU.ActiveCfg = Release|Any CPU
		{B20437CB-4CA6-4FDA-89F9-BC3712FD14DF}.Release|Any CPU.Build.0 = Release|Any CPU
		{4BB9F3CD-E85F-4EEB-86B1-D7B81A2A69AC}.Debug|Any CPU.ActiveCfg = Debug|Any CPU
		{4BB9F3CD-E85F-4EEB-86B1-D7B81A2A69AC}.Debug|Any CPU.Build.0 = Debug|Any CPU
		{4BB9F3CD-E85F-4EEB-86B1-D7B81A2A69AC}.Release|Any CPU.ActiveCfg = Release|Any CPU
		{4BB9F3CD-E85F-4EEB-86B1-D7B81A2A69AC}.Release|Any CPU.Build.0 = Release|Any CPU
		{77C56233-A153-4545-A697-38E0F85B11B0}.Debug|Any CPU.ActiveCfg = Debug|Any CPU
		{77C56233-A153-4545-A697-38E0F85B11B0}.Debug|Any CPU.Build.0 = Debug|Any CPU
		{77C56233-A153-4545-A697-38E0F85B11B0}.Release|Any CPU.ActiveCfg = Release|Any CPU
		{77C56233-A153-4545-A697-38E0F85B11B0}.Release|Any CPU.Build.0 = Release|Any CPU
		{5F7C108E-CF75-4986-99F2-83D10FB4CA96}.Debug|Any CPU.ActiveCfg = Debug|Any CPU
		{5F7C108E-CF75-4986-99F2-83D10FB4CA96}.Debug|Any CPU.Build.0 = Debug|Any CPU
		{5F7C108E-CF75-4986-99F2-83D10FB4CA96}.Release|Any CPU.ActiveCfg = Release|Any CPU
		{5F7C108E-CF75-4986-99F2-83D10FB4CA96}.Release|Any CPU.Build.0 = Release|Any CPU
		{8E8CE003-3B37-4D7A-B020-D8F007EAA555}.Debug|Any CPU.ActiveCfg = Debug|Any CPU
		{8E8CE003-3B37-4D7A-B020-D8F007EAA555}.Debug|Any CPU.Build.0 = Debug|Any CPU
		{8E8CE003-3B37-4D7A-B020-D8F007EAA555}.Release|Any CPU.ActiveCfg = Release|Any CPU
		{8E8CE003-3B37-4D7A-B020-D8F007EAA555}.Release|Any CPU.Build.0 = Release|Any CPU
		{67FCCB9A-C466-42AD-86F9-662A178637B3}.Debug|Any CPU.ActiveCfg = Debug|Any CPU
		{67FCCB9A-C466-42AD-86F9-662A178637B3}.Debug|Any CPU.Build.0 = Debug|Any CPU
		{67FCCB9A-C466-42AD-86F9-662A178637B3}.Release|Any CPU.ActiveCfg = Release|Any CPU
		{67FCCB9A-C466-42AD-86F9-662A178637B3}.Release|Any CPU.Build.0 = Release|Any CPU
		{318E2713-96B0-4046-BCBD-10B815BD5567}.Debug|Any CPU.ActiveCfg = Debug|Any CPU
		{318E2713-96B0-4046-BCBD-10B815BD5567}.Debug|Any CPU.Build.0 = Debug|Any CPU
		{318E2713-96B0-4046-BCBD-10B815BD5567}.Release|Any CPU.ActiveCfg = Release|Any CPU
		{318E2713-96B0-4046-BCBD-10B815BD5567}.Release|Any CPU.Build.0 = Release|Any CPU
		{B59C42E8-3539-409C-A101-27165C8145D3}.Debug|Any CPU.ActiveCfg = Debug|Any CPU
		{B59C42E8-3539-409C-A101-27165C8145D3}.Debug|Any CPU.Build.0 = Debug|Any CPU
		{B59C42E8-3539-409C-A101-27165C8145D3}.Release|Any CPU.ActiveCfg = Release|Any CPU
		{B59C42E8-3539-409C-A101-27165C8145D3}.Release|Any CPU.Build.0 = Release|Any CPU
		{6248C1FA-5E9B-472D-85A2-9D3A3CA7C888}.Debug|Any CPU.ActiveCfg = Debug|Any CPU
		{6248C1FA-5E9B-472D-85A2-9D3A3CA7C888}.Debug|Any CPU.Build.0 = Debug|Any CPU
		{6248C1FA-5E9B-472D-85A2-9D3A3CA7C888}.Release|Any CPU.ActiveCfg = Release|Any CPU
		{6248C1FA-5E9B-472D-85A2-9D3A3CA7C888}.Release|Any CPU.Build.0 = Release|Any CPU
		{4FB7CE25-FE7E-477C-821F-EA911DA16D00}.Debug|Any CPU.ActiveCfg = Debug|Any CPU
		{4FB7CE25-FE7E-477C-821F-EA911DA16D00}.Debug|Any CPU.Build.0 = Debug|Any CPU
		{4FB7CE25-FE7E-477C-821F-EA911DA16D00}.Release|Any CPU.ActiveCfg = Release|Any CPU
		{4FB7CE25-FE7E-477C-821F-EA911DA16D00}.Release|Any CPU.Build.0 = Release|Any CPU
		{9BF5E5C6-C493-44FA-A2BB-81E15E91F1E4}.Debug|Any CPU.ActiveCfg = Debug|Any CPU
		{9BF5E5C6-C493-44FA-A2BB-81E15E91F1E4}.Debug|Any CPU.Build.0 = Debug|Any CPU
		{9BF5E5C6-C493-44FA-A2BB-81E15E91F1E4}.Release|Any CPU.ActiveCfg = Release|Any CPU
		{9BF5E5C6-C493-44FA-A2BB-81E15E91F1E4}.Release|Any CPU.Build.0 = Release|Any CPU
		{D0A6C8B3-9D73-4CFB-8FEE-59443DF40C9B}.Debug|Any CPU.ActiveCfg = Debug|Any CPU
		{D0A6C8B3-9D73-4CFB-8FEE-59443DF40C9B}.Debug|Any CPU.Build.0 = Debug|Any CPU
		{D0A6C8B3-9D73-4CFB-8FEE-59443DF40C9B}.Release|Any CPU.ActiveCfg = Release|Any CPU
		{D0A6C8B3-9D73-4CFB-8FEE-59443DF40C9B}.Release|Any CPU.Build.0 = Release|Any CPU
		{38D81CC8-0E58-4A86-A054-6C687A423CEB}.Debug|Any CPU.ActiveCfg = Debug|Any CPU
		{38D81CC8-0E58-4A86-A054-6C687A423CEB}.Debug|Any CPU.Build.0 = Debug|Any CPU
		{38D81CC8-0E58-4A86-A054-6C687A423CEB}.Release|Any CPU.ActiveCfg = Release|Any CPU
		{38D81CC8-0E58-4A86-A054-6C687A423CEB}.Release|Any CPU.Build.0 = Release|Any CPU
		{F05918E2-0B3A-4F19-8483-9B80B09DBA73}.Debug|Any CPU.ActiveCfg = Debug|Any CPU
		{F05918E2-0B3A-4F19-8483-9B80B09DBA73}.Debug|Any CPU.Build.0 = Debug|Any CPU
		{F05918E2-0B3A-4F19-8483-9B80B09DBA73}.Release|Any CPU.ActiveCfg = Release|Any CPU
		{F05918E2-0B3A-4F19-8483-9B80B09DBA73}.Release|Any CPU.Build.0 = Release|Any CPU
		{450F77C9-E80A-4DC9-B832-60B8CB915669}.Debug|Any CPU.ActiveCfg = Debug|Any CPU
		{450F77C9-E80A-4DC9-B832-60B8CB915669}.Debug|Any CPU.Build.0 = Debug|Any CPU
		{450F77C9-E80A-4DC9-B832-60B8CB915669}.Release|Any CPU.ActiveCfg = Release|Any CPU
		{450F77C9-E80A-4DC9-B832-60B8CB915669}.Release|Any CPU.Build.0 = Release|Any CPU
		{6DEC0419-C243-465C-B4BF-8B5657DE30C8}.Debug|Any CPU.ActiveCfg = Debug|Any CPU
		{6DEC0419-C243-465C-B4BF-8B5657DE30C8}.Debug|Any CPU.Build.0 = Debug|Any CPU
		{6DEC0419-C243-465C-B4BF-8B5657DE30C8}.Release|Any CPU.ActiveCfg = Release|Any CPU
		{6DEC0419-C243-465C-B4BF-8B5657DE30C8}.Release|Any CPU.Build.0 = Release|Any CPU
		{05A1FA37-5D3B-4A40-888B-57D5C80D1AB6}.Debug|Any CPU.ActiveCfg = Debug|Any CPU
		{05A1FA37-5D3B-4A40-888B-57D5C80D1AB6}.Debug|Any CPU.Build.0 = Debug|Any CPU
		{05A1FA37-5D3B-4A40-888B-57D5C80D1AB6}.Release|Any CPU.ActiveCfg = Release|Any CPU
		{05A1FA37-5D3B-4A40-888B-57D5C80D1AB6}.Release|Any CPU.Build.0 = Release|Any CPU
		{A82A7807-EDE7-4F6B-BD9A-75E26F6B6518}.Debug|Any CPU.ActiveCfg = Debug|Any CPU
		{A82A7807-EDE7-4F6B-BD9A-75E26F6B6518}.Debug|Any CPU.Build.0 = Debug|Any CPU
		{A82A7807-EDE7-4F6B-BD9A-75E26F6B6518}.Release|Any CPU.ActiveCfg = Release|Any CPU
		{A82A7807-EDE7-4F6B-BD9A-75E26F6B6518}.Release|Any CPU.Build.0 = Release|Any CPU
	EndGlobalSection
	GlobalSection(SolutionProperties) = preSolution
		HideSolutionNode = FALSE
	EndGlobalSection
	GlobalSection(NestedProjects) = preSolution
		{B20437CB-4CA6-4FDA-89F9-BC3712FD14DF} = {087C7507-8316-48A4-9E4C-3BBA39B134D5}
		{4BB9F3CD-E85F-4EEB-86B1-D7B81A2A69AC} = {594C6BB7-A8B9-450F-B9C8-36C5D3B8DBA1}
		{77C56233-A153-4545-A697-38E0F85B11B0} = {594C6BB7-A8B9-450F-B9C8-36C5D3B8DBA1}
		{5F7C108E-CF75-4986-99F2-83D10FB4CA96} = {594C6BB7-A8B9-450F-B9C8-36C5D3B8DBA1}
		{8E8CE003-3B37-4D7A-B020-D8F007EAA555} = {BFA07F8A-7987-4364-A365-BCE7E0CCADED}
		{67FCCB9A-C466-42AD-86F9-662A178637B3} = {BFA07F8A-7987-4364-A365-BCE7E0CCADED}
		{318E2713-96B0-4046-BCBD-10B815BD5567} = {087C7507-8316-48A4-9E4C-3BBA39B134D5}
		{B59C42E8-3539-409C-A101-27165C8145D3} = {087C7507-8316-48A4-9E4C-3BBA39B134D5}
		{6248C1FA-5E9B-472D-85A2-9D3A3CA7C888} = {087C7507-8316-48A4-9E4C-3BBA39B134D5}
		{4FB7CE25-FE7E-477C-821F-EA911DA16D00} = {087C7507-8316-48A4-9E4C-3BBA39B134D5}
		{C2E2DB98-A397-4907-BA49-094F80EC2D27} = {CE7D3DB3-B954-4ED2-99B2-5F1CF0A92031}
		{4255E6AE-18F7-426D-9BBC-27794EA012D8} = {C2E2DB98-A397-4907-BA49-094F80EC2D27}
		{594C6BB7-A8B9-450F-B9C8-36C5D3B8DBA1} = {4255E6AE-18F7-426D-9BBC-27794EA012D8}
		{F8258ADA-BC07-48D3-9676-923B23E1877E} = {4255E6AE-18F7-426D-9BBC-27794EA012D8}
		{9BF5E5C6-C493-44FA-A2BB-81E15E91F1E4} = {F8258ADA-BC07-48D3-9676-923B23E1877E}
		{D0A6C8B3-9D73-4CFB-8FEE-59443DF40C9B} = {F8258ADA-BC07-48D3-9676-923B23E1877E}
		{38D81CC8-0E58-4A86-A054-6C687A423CEB} = {F8258ADA-BC07-48D3-9676-923B23E1877E}
		{F05918E2-0B3A-4F19-8483-9B80B09DBA73} = {F8258ADA-BC07-48D3-9676-923B23E1877E}
		{450F77C9-E80A-4DC9-B832-60B8CB915669} = {F8258ADA-BC07-48D3-9676-923B23E1877E}
		{6DEC0419-C243-465C-B4BF-8B5657DE30C8} = {F8258ADA-BC07-48D3-9676-923B23E1877E}
		{05A1FA37-5D3B-4A40-888B-57D5C80D1AB6} = {F8258ADA-BC07-48D3-9676-923B23E1877E}
		{A82A7807-EDE7-4F6B-BD9A-75E26F6B6518} = {F8258ADA-BC07-48D3-9676-923B23E1877E}
	EndGlobalSection
	GlobalSection(ExtensibilityGlobals) = postSolution
		SolutionGuid = {D708ACC7-127B-4DD9-96BD-5ACF2073E4EC}
	EndGlobalSection
EndGlobal
