
Microsoft Visual Studio Solution File, Format Version 12.00
# Visual Studio 15
VisualStudioVersion = 15.0.27428.2011
MinimumVisualStudioVersion = 10.0.40219.1
Project("{FAE04EC0-301F-11D3-BF4B-00C04F79EFBC}") = "PhoneINfo", "A:\Telerik_Alpha_NET_Prep\09_CreatingAndUsingObjectsExercise\CSharpIntroBook\PhoneINfo\PhoneINfo.csproj", "{B20437CB-4CA6-4FDA-89F9-BC3712FD14DF}"
EndProject
Project("{FAE04EC0-301F-11D3-BF4B-00C04F79EFBC}") = "BankAccountSystem", "A:\Telerik_Alpha_NET_Prep\09_CreatingAndUsingObjectsExercise\SoftUni\BankAccountSystem\BankAccountSystem.csproj", "{4BB9F3CD-E85F-4EEB-86B1-D7B81A2A69AC}"
EndProject
Project("{FAE04EC0-301F-11D3-BF4B-00C04F79EFBC}") = "DefinePersons", "A:\Telerik_Alpha_NET_Prep\09_CreatingAndUsingObjectsExercise\SoftUni\FefinePersons\DefinePersons.csproj", "{77C56233-A153-4545-A697-38E0F85B11B0}"
EndProject
Project("{FAE04EC0-301F-11D3-BF4B-00C04F79EFBC}") = "StudentsInfo", "A:\Telerik_Alpha_NET_Prep\09_CreatingAndUsingObjectsExercise\SoftUni\StudentsInfo\StudentsInfo.csproj", "{5F7C108E-CF75-4986-99F2-83D10FB4CA96}"
EndProject
Project("{FAE04EC0-301F-11D3-BF4B-00C04F79EFBC}") = "MobilePhone", "A:\Telerik_Alpha_NET_Prep\09_CreatingAndUsingObjectsExercise\Telerik\MobilePhone\MobilePhone.csproj", "{8E8CE003-3B37-4D7A-B020-D8F007EAA555}"
EndProject
Project("{FAE04EC0-301F-11D3-BF4B-00C04F79EFBC}") = "MobilePhone.Tests", "A:\Telerik_Alpha_NET_Prep\09_CreatingAndUsingObjectsExercise\Telerik\MobilePhone.Tests\MobilePhone.Tests.csproj", "{67FCCB9A-C466-42AD-86F9-662A178637B3}"
EndProject
Project("{2150E333-8FDC-42A3-9474-1A3956D46DE8}") = "Telerik", "Telerik", "{BFA07F8A-7987-4364-A365-BCE7E0CCADED}"
EndProject
Project("{2150E333-8FDC-42A3-9474-1A3956D46DE8}") = "SoftUni", "SoftUni", "{CE7D3DB3-B954-4ED2-99B2-5F1CF0A92031}"
EndProject
Project("{2150E333-8FDC-42A3-9474-1A3956D46DE8}") = "CSharpBook", "CSharpBook", "{087C7507-8316-48A4-9E4C-3BBA39B134D5}"
EndProject
Project("{FAE04EC0-301F-11D3-BF4B-00C04F79EFBC}") = "LibraryInfo", "LibraryInfo\LibraryInfo.csproj", "{318E2713-96B0-4046-BCBD-10B815BD5567}"
EndProject
Project("{FAE04EC0-301F-11D3-BF4B-00C04F79EFBC}") = "School", "School\School.csproj", "{B59C42E8-3539-409C-A101-27165C8145D3}"
EndProject
Global
	GlobalSection(SolutionConfigurationPlatforms) = preSolution
		Debug|Any CPU = Debug|Any CPU
		Release|Any CPU = Release|Any CPU
	EndGlobalSection
	GlobalSection(ProjectConfigurationPlatforms) = postSolution
		{B20437CB-4CA6-4FDA-89F9-BC3712FD14DF}.Debug|Any CPU.ActiveCfg = Debug|Any CPU
		{B20437CB-4CA6-4FDA-89F9-BC3712FD14DF}.Debug|Any CPU.Build.0 = Debug|Any CPU
		{B20437CB-4CA6-4FDA-89F9-BC3712FD14DF}.Release|Any CPU.ActiveCfg = Release|Any CPU
		{B20437CB-4CA6-4FDA-89F9-BC3712FD14DF}.Release|Any CPU.Build.0 = Release|Any CPU
		{4BB9F3CD-E85F-4EEB-86B1-D7B81A2A69AC}.Debug|Any CPU.ActiveCfg = Debug|Any CPU
		{4BB9F3CD-E85F-4EEB-86B1-D7B81A2A69AC}.Debug|Any CPU.Build.0 = Debug|Any CPU
		{4BB9F3CD-E85F-4EEB-86B1-D7B81A2A69AC}.Release|Any CPU.ActiveCfg = Release|Any CPU
		{4BB9F3CD-E85F-4EEB-86B1-D7B81A2A69AC}.Release|Any CPU.Build.0 = Release|Any CPU
		{77C56233-A153-4545-A697-38E0F85B11B0}.Debug|Any CPU.ActiveCfg = Debug|Any CPU
		{77C56233-A153-4545-A697-38E0F85B11B0}.Debug|Any CPU.Build.0 = Debug|Any CPU
		{77C56233-A153-4545-A697-38E0F85B11B0}.Release|Any CPU.ActiveCfg = Release|Any CPU
		{77C56233-A153-4545-A697-38E0F85B11B0}.Release|Any CPU.Build.0 = Release|Any CPU
		{5F7C108E-CF75-4986-99F2-83D10FB4CA96}.Debug|Any CPU.ActiveCfg = Debug|Any CPU
		{5F7C108E-CF75-4986-99F2-83D10FB4CA96}.Debug|Any CPU.Build.0 = Debug|Any CPU
		{5F7C108E-CF75-4986-99F2-83D10FB4CA96}.Release|Any CPU.ActiveCfg = Release|Any CPU
		{5F7C108E-CF75-4986-99F2-83D10FB4CA96}.Release|Any CPU.Build.0 = Release|Any CPU
		{8E8CE003-3B37-4D7A-B020-D8F007EAA555}.Debug|Any CPU.ActiveCfg = Debug|Any CPU
		{8E8CE003-3B37-4D7A-B020-D8F007EAA555}.Debug|Any CPU.Build.0 = Debug|Any CPU
		{8E8CE003-3B37-4D7A-B020-D8F007EAA555}.Release|Any CPU.ActiveCfg = Release|Any CPU
		{8E8CE003-3B37-4D7A-B020-D8F007EAA555}.Release|Any CPU.Build.0 = Release|Any CPU
		{67FCCB9A-C466-42AD-86F9-662A178637B3}.Debug|Any CPU.ActiveCfg = Debug|Any CPU
		{67FCCB9A-C466-42AD-86F9-662A178637B3}.Debug|Any CPU.Build.0 = Debug|Any CPU
		{67FCCB9A-C466-42AD-86F9-662A178637B3}.Release|Any CPU.ActiveCfg = Release|Any CPU
		{67FCCB9A-C466-42AD-86F9-662A178637B3}.Release|Any CPU.Build.0 = Release|Any CPU
		{318E2713-96B0-4046-BCBD-10B815BD5567}.Debug|Any CPU.ActiveCfg = Debug|Any CPU
		{318E2713-96B0-4046-BCBD-10B815BD5567}.Debug|Any CPU.Build.0 = Debug|Any CPU
		{318E2713-96B0-4046-BCBD-10B815BD5567}.Release|Any CPU.ActiveCfg = Release|Any CPU
		{318E2713-96B0-4046-BCBD-10B815BD5567}.Release|Any CPU.Build.0 = Release|Any CPU
		{B59C42E8-3539-409C-A101-27165C8145D3}.Debug|Any CPU.ActiveCfg = Debug|Any CPU
		{B59C42E8-3539-409C-A101-27165C8145D3}.Debug|Any CPU.Build.0 = Debug|Any CPU
		{B59C42E8-3539-409C-A101-27165C8145D3}.Release|Any CPU.ActiveCfg = Release|Any CPU
		{B59C42E8-3539-409C-A101-27165C8145D3}.Release|Any CPU.Build.0 = Release|Any CPU
	EndGlobalSection
	GlobalSection(SolutionProperties) = preSolution
		HideSolutionNode = FALSE
	EndGlobalSection
	GlobalSection(NestedProjects) = preSolution
		{B20437CB-4CA6-4FDA-89F9-BC3712FD14DF} = {087C7507-8316-48A4-9E4C-3BBA39B134D5}
		{4BB9F3CD-E85F-4EEB-86B1-D7B81A2A69AC} = {CE7D3DB3-B954-4ED2-99B2-5F1CF0A92031}
		{77C56233-A153-4545-A697-38E0F85B11B0} = {CE7D3DB3-B954-4ED2-99B2-5F1CF0A92031}
		{5F7C108E-CF75-4986-99F2-83D10FB4CA96} = {CE7D3DB3-B954-4ED2-99B2-5F1CF0A92031}
		{8E8CE003-3B37-4D7A-B020-D8F007EAA555} = {BFA07F8A-7987-4364-A365-BCE7E0CCADED}
		{67FCCB9A-C466-42AD-86F9-662A178637B3} = {BFA07F8A-7987-4364-A365-BCE7E0CCADED}
		{318E2713-96B0-4046-BCBD-10B815BD5567} = {087C7507-8316-48A4-9E4C-3BBA39B134D5}
		{B59C42E8-3539-409C-A101-27165C8145D3} = {087C7507-8316-48A4-9E4C-3BBA39B134D5}
	EndGlobalSection
	GlobalSection(ExtensibilityGlobals) = postSolution
		SolutionGuid = {D708ACC7-127B-4DD9-96BD-5ACF2073E4EC}
	EndGlobalSection
EndGlobal
