
Microsoft Visual Studio Solution File, Format Version 12.00
# Visual Studio 15
VisualStudioVersion = 15.0.27428.2011
MinimumVisualStudioVersion = 10.0.40219.1
Project("{FAE04EC0-301F-11D3-BF4B-00C04F79EFBC}") = "SubsetOfSumS", "SubsetOfSumS\SubsetOfSumS.csproj", "{FDC78B7A-EFBE-4CF4-A4FD-9A7C6BBC9865}"
EndProject
Global
	GlobalSection(SolutionConfigurationPlatforms) = preSolution
		Debug|Any CPU = Debug|Any CPU
		Release|Any CPU = Release|Any CPU
	EndGlobalSection
	GlobalSection(ProjectConfigurationPlatforms) = postSolution
		{FDC78B7A-EFBE-4CF4-A4FD-9A7C6BBC9865}.Debug|Any CPU.ActiveCfg = Debug|Any CPU
		{FDC78B7A-EFBE-4CF4-A4FD-9A7C6BBC9865}.Debug|Any CPU.Build.0 = Debug|Any CPU
		{FDC78B7A-EFBE-4CF4-A4FD-9A7C6BBC9865}.Release|Any CPU.ActiveCfg = Release|Any CPU
		{FDC78B7A-EFBE-4CF4-A4FD-9A7C6BBC9865}.Release|Any CPU.Build.0 = Release|Any CPU
	EndGlobalSection
	GlobalSection(SolutionProperties) = preSolution
		HideSolutionNode = FALSE
	EndGlobalSection
	GlobalSection(ExtensibilityGlobals) = postSolution
		SolutionGuid = {471B2059-4424-4C83-A33D-9F82201E5E98}
	EndGlobalSection
EndGlobal
