
Microsoft Visual Studio Solution File, Format Version 12.00
# Visual Studio 15
VisualStudioVersion = 15.0.27428.2037
MinimumVisualStudioVersion = 10.0.40219.1
Project("{2150E333-8FDC-42A3-9474-1A3956D46DE8}") = "StoringMemoryDemo", "StoringMemoryDemo", "{7E81E832-B807-4480-B7CD-9A5C513D4C1B}"
EndProject
Project("{9A19103F-16F7-4668-BE54-9A1E7A4F7556}") = "GetMemoryAddress", "GetMemoryAddress\GetMemoryAddress.csproj", "{E00FC571-9A6E-4D66-B75F-F1A3C24CE4B6}"
EndProject
Project("{FAE04EC0-301F-11D3-BF4B-00C04F79EFBC}") = "Lab_ArrayList", "Lab_ArrayList\Lab_ArrayList.csproj", "{A8F6A6FC-6792-47C2-87DC-F34C1B441DAC}"
EndProject
Project("{FAE04EC0-301F-11D3-BF4B-00C04F79EFBC}") = "Tests.ArrayList", "Lab_ArrayList\01. Data-Structures-Lab-Skeleton-CSharp\Linear-Data-Structures\Tests.ArrayList\Tests.ArrayList.csproj", "{7426AF7E-9CDD-4C93-B4F3-F117A2273798}"
EndProject
Project("{2150E333-8FDC-42A3-9474-1A3956D46DE8}") = "01_LinearDataStructures", "01_LinearDataStructures", "{D3EF76D6-8027-4233-B273-4B365A854AC5}"
EndProject
Project("{2150E333-8FDC-42A3-9474-1A3956D46DE8}") = "ListImplementation", "ListImplementation", "{B6A48600-5569-451C-9246-95F766EBCA00}"
EndProject
Project("{FAE04EC0-301F-11D3-BF4B-00C04F79EFBC}") = "ListExercise", "ListExercise\ListExercise.csproj", "{785E937E-BB4D-4337-97AB-26724F2C1087}"
EndProject
Project("{FAE04EC0-301F-11D3-BF4B-00C04F79EFBC}") = "List", "List\List.csproj", "{AE76D4BB-B2E4-42DB-98CE-B4EFE87B0847}"
EndProject
Project("{2150E333-8FDC-42A3-9474-1A3956D46DE8}") = "CustomArrayList", "CustomArrayList", "{E7064203-5585-4F76-9EDE-D92B8D39FED6}"
EndProject
Project("{FAE04EC0-301F-11D3-BF4B-00C04F79EFBC}") = "ArrayList", "ArrayList\ArrayList.csproj", "{59202F5F-8299-42FB-9495-DAED7413A5E6}"
EndProject
Project("{FAE04EC0-301F-11D3-BF4B-00C04F79EFBC}") = "UseOfAList", "UseOfAList\UseOfAList.csproj", "{CC89A060-660A-471C-B12E-D666141A5D13}"
EndProject
Project("{2150E333-8FDC-42A3-9474-1A3956D46DE8}") = "SingleLinkedList", "SingleLinkedList", "{AF46A91B-A7B1-441D-A8BC-3D58ABFDE2A0}"
EndProject
Project("{FAE04EC0-301F-11D3-BF4B-00C04F79EFBC}") = "DynamicList", "DynamicList\DynamicList.csproj", "{594DA616-CF9F-4C0E-9018-32DFF6D966B7}"
EndProject
Project("{FAE04EC0-301F-11D3-BF4B-00C04F79EFBC}") = "UseOfSingleLinkedList", "UseOfSingleLinkedList\UseOfSingleLinkedList.csproj", "{575986AD-EBCA-4FE3-A48B-612EBCEE8FED}"
EndProject
Project("{2150E333-8FDC-42A3-9474-1A3956D46DE8}") = "LinkedListExercises", "LinkedListExercises", "{AE795447-8CC5-40BB-8B12-C9B25F0937FB}"
EndProject
Project("{FAE04EC0-301F-11D3-BF4B-00C04F79EFBC}") = "InsertNodeAtTailLinkedList", "InsertNodeAtTailLinkedList\InsertNodeAtTailLinkedList.csproj", "{716E9D37-2D92-4514-A439-3E992469921A}"
EndProject
Project("{FAE04EC0-301F-11D3-BF4B-00C04F79EFBC}") = "InsertNodeAtHeadLinkedList", "InsertNodeAtHeadLinkedList\InsertNodeAtHeadLinkedList.csproj", "{D3ACFDA1-EA99-483A-9662-5BFFADDE25B2}"
EndProject
Project("{FAE04EC0-301F-11D3-BF4B-00C04F79EFBC}") = "InsertNodeAtSpecificPositionLinkedList", "InsertNodeAtSpecificPositionLinkedList\InsertNodeAtSpecificPositionLinkedList.csproj", "{1D9B4C5B-8DED-45BA-960F-1CFFF408668F}"
EndProject
Project("{FAE04EC0-301F-11D3-BF4B-00C04F79EFBC}") = "DeleteNode_LinkedList", "DeleteNode_LinkedList\DeleteNode_LinkedList.csproj", "{7429559F-1AA1-43AF-A017-93B90332D8F7}"
EndProject
Project("{FAE04EC0-301F-11D3-BF4B-00C04F79EFBC}") = "PrintInReversLinkedList", "PrintInReversLinkedList\PrintInReversLinkedList.csproj", "{EB0A478A-5EA4-4999-92CB-021375D665A5}"
EndProject
Project("{FAE04EC0-301F-11D3-BF4B-00C04F79EFBC}") = "ReverseALinkedList", "ReverseALinkedList\ReverseALinkedList.csproj", "{E109633E-559F-4D88-AF7D-18B583C0B6F9}"
EndProject
Project("{FAE04EC0-301F-11D3-BF4B-00C04F79EFBC}") = "CompareTwoLinkedLists", "CompareTwoLinkedLists\CompareTwoLinkedLists.csproj", "{B613C542-3BD4-4D70-90A1-D6AF6831C2E4}"
EndProject
Project("{FAE04EC0-301F-11D3-BF4B-00C04F79EFBC}") = "MergeTwoLinkedLists", "MergeTwoLinkedLists\MergeTwoLinkedLists.csproj", "{60DE4228-65C1-4006-98B6-C3D4FF080AEA}"
EndProject
Project("{FAE04EC0-301F-11D3-BF4B-00C04F79EFBC}") = "GetNodeValueLinkedList", "GetNodeValueLinkedList\GetNodeValueLinkedList.csproj", "{079DF1FE-E94F-49F3-A83B-CE5B20D76CD1}"
EndProject
Project("{FAE04EC0-301F-11D3-BF4B-00C04F79EFBC}") = "DeleteDuplicateValuesFromSortedLinkedList", "DeleteDuplicateValuesFromSortedLinkedList\DeleteDuplicateValuesFromSortedLinkedList.csproj", "{0EF1A209-E98B-4DD1-AF4C-3F50EC73B8CB}"
EndProject
Project("{FAE04EC0-301F-11D3-BF4B-00C04F79EFBC}") = "CycleDetectionInLinkedList", "CycleDetectionInLinkedList\CycleDetectionInLinkedList.csproj", "{6F0555E9-AA53-4EE7-A846-A16159E80CA0}"
EndProject
Project("{FAE04EC0-301F-11D3-BF4B-00C04F79EFBC}") = "InsertingNodeIntoSortedDoublyLinkedList", "InsertingNodeIntoSortedDoublyLinkedList\InsertingNodeIntoSortedDoublyLinkedList.csproj", "{EA7FA26F-F113-49E8-B6C3-7E5EF0EA8B76}"
EndProject
Project("{FAE04EC0-301F-11D3-BF4B-00C04F79EFBC}") = "ReverseDoublyLinkedList", "ReverseDoublyLinkedList\ReverseDoublyLinkedList.csproj", "{5166CF19-6D79-4BE5-B5A5-54588B325370}"
EndProject
Project("{2150E333-8FDC-42A3-9474-1A3956D46DE8}") = "StackExercises", "StackExercises", "{F00F55BD-BD65-4183-AEE3-CF0278BF4B18}"
EndProject
Project("{FAE04EC0-301F-11D3-BF4B-00C04F79EFBC}") = "MaximumElement", "MaximumElement\MaximumElement.csproj", "{FE023550-5884-4F5C-91F4-00278BACFA51}"
EndProject
Project("{FAE04EC0-301F-11D3-BF4B-00C04F79EFBC}") = "BalancedBrackets", "BalancedBrackets\BalancedBrackets.csproj", "{ABF7CE7E-C38D-4DCA-8981-9FE7DFF47E91}"
EndProject
Project("{FAE04EC0-301F-11D3-BF4B-00C04F79EFBC}") = "EqualStacks", "EqualStacks\EqualStacks.csproj", "{BB633796-31B3-4805-A418-3F6F51A8AF75}"
EndProject
Project("{FAE04EC0-301F-11D3-BF4B-00C04F79EFBC}") = "GameOfTwoStacks", "GameOfTwoStacks\GameOfTwoStacks.csproj", "{8A66294A-F9D9-41CA-8847-4D5199302FC2}"
EndProject
Project("{FAE04EC0-301F-11D3-BF4B-00C04F79EFBC}") = "ReverseString", "ReverseString\ReverseString.csproj", "{7AA4275B-9F9E-429C-BC0D-2462D0EBE45F}"
EndProject
Project("{FAE04EC0-301F-11D3-BF4B-00C04F79EFBC}") = "SimpleCalculator", "SimpleCalculator\SimpleCalculator.csproj", "{39C43C99-F21E-402E-BA96-FDB19A39770A}"
EndProject
Global
	GlobalSection(SolutionConfigurationPlatforms) = preSolution
		Debug|Any CPU = Debug|Any CPU
		Release|Any CPU = Release|Any CPU
	EndGlobalSection
	GlobalSection(ProjectConfigurationPlatforms) = postSolution
		{E00FC571-9A6E-4D66-B75F-F1A3C24CE4B6}.Debug|Any CPU.ActiveCfg = Debug|Any CPU
		{E00FC571-9A6E-4D66-B75F-F1A3C24CE4B6}.Debug|Any CPU.Build.0 = Debug|Any CPU
		{E00FC571-9A6E-4D66-B75F-F1A3C24CE4B6}.Release|Any CPU.ActiveCfg = Release|Any CPU
		{E00FC571-9A6E-4D66-B75F-F1A3C24CE4B6}.Release|Any CPU.Build.0 = Release|Any CPU
		{A8F6A6FC-6792-47C2-87DC-F34C1B441DAC}.Debug|Any CPU.ActiveCfg = Debug|Any CPU
		{A8F6A6FC-6792-47C2-87DC-F34C1B441DAC}.Debug|Any CPU.Build.0 = Debug|Any CPU
		{A8F6A6FC-6792-47C2-87DC-F34C1B441DAC}.Release|Any CPU.ActiveCfg = Release|Any CPU
		{A8F6A6FC-6792-47C2-87DC-F34C1B441DAC}.Release|Any CPU.Build.0 = Release|Any CPU
		{7426AF7E-9CDD-4C93-B4F3-F117A2273798}.Debug|Any CPU.ActiveCfg = Debug|Any CPU
		{7426AF7E-9CDD-4C93-B4F3-F117A2273798}.Debug|Any CPU.Build.0 = Debug|Any CPU
		{7426AF7E-9CDD-4C93-B4F3-F117A2273798}.Release|Any CPU.ActiveCfg = Release|Any CPU
		{7426AF7E-9CDD-4C93-B4F3-F117A2273798}.Release|Any CPU.Build.0 = Release|Any CPU
		{785E937E-BB4D-4337-97AB-26724F2C1087}.Debug|Any CPU.ActiveCfg = Debug|Any CPU
		{785E937E-BB4D-4337-97AB-26724F2C1087}.Debug|Any CPU.Build.0 = Debug|Any CPU
		{785E937E-BB4D-4337-97AB-26724F2C1087}.Release|Any CPU.ActiveCfg = Release|Any CPU
		{785E937E-BB4D-4337-97AB-26724F2C1087}.Release|Any CPU.Build.0 = Release|Any CPU
		{AE76D4BB-B2E4-42DB-98CE-B4EFE87B0847}.Debug|Any CPU.ActiveCfg = Debug|Any CPU
		{AE76D4BB-B2E4-42DB-98CE-B4EFE87B0847}.Debug|Any CPU.Build.0 = Debug|Any CPU
		{AE76D4BB-B2E4-42DB-98CE-B4EFE87B0847}.Release|Any CPU.ActiveCfg = Release|Any CPU
		{AE76D4BB-B2E4-42DB-98CE-B4EFE87B0847}.Release|Any CPU.Build.0 = Release|Any CPU
		{59202F5F-8299-42FB-9495-DAED7413A5E6}.Debug|Any CPU.ActiveCfg = Debug|Any CPU
		{59202F5F-8299-42FB-9495-DAED7413A5E6}.Debug|Any CPU.Build.0 = Debug|Any CPU
		{59202F5F-8299-42FB-9495-DAED7413A5E6}.Release|Any CPU.ActiveCfg = Release|Any CPU
		{59202F5F-8299-42FB-9495-DAED7413A5E6}.Release|Any CPU.Build.0 = Release|Any CPU
		{CC89A060-660A-471C-B12E-D666141A5D13}.Debug|Any CPU.ActiveCfg = Debug|Any CPU
		{CC89A060-660A-471C-B12E-D666141A5D13}.Debug|Any CPU.Build.0 = Debug|Any CPU
		{CC89A060-660A-471C-B12E-D666141A5D13}.Release|Any CPU.ActiveCfg = Release|Any CPU
		{CC89A060-660A-471C-B12E-D666141A5D13}.Release|Any CPU.Build.0 = Release|Any CPU
		{594DA616-CF9F-4C0E-9018-32DFF6D966B7}.Debug|Any CPU.ActiveCfg = Debug|Any CPU
		{594DA616-CF9F-4C0E-9018-32DFF6D966B7}.Debug|Any CPU.Build.0 = Debug|Any CPU
		{594DA616-CF9F-4C0E-9018-32DFF6D966B7}.Release|Any CPU.ActiveCfg = Release|Any CPU
		{594DA616-CF9F-4C0E-9018-32DFF6D966B7}.Release|Any CPU.Build.0 = Release|Any CPU
		{575986AD-EBCA-4FE3-A48B-612EBCEE8FED}.Debug|Any CPU.ActiveCfg = Debug|Any CPU
		{575986AD-EBCA-4FE3-A48B-612EBCEE8FED}.Debug|Any CPU.Build.0 = Debug|Any CPU
		{575986AD-EBCA-4FE3-A48B-612EBCEE8FED}.Release|Any CPU.ActiveCfg = Release|Any CPU
		{575986AD-EBCA-4FE3-A48B-612EBCEE8FED}.Release|Any CPU.Build.0 = Release|Any CPU
		{716E9D37-2D92-4514-A439-3E992469921A}.Debug|Any CPU.ActiveCfg = Debug|Any CPU
		{716E9D37-2D92-4514-A439-3E992469921A}.Debug|Any CPU.Build.0 = Debug|Any CPU
		{716E9D37-2D92-4514-A439-3E992469921A}.Release|Any CPU.ActiveCfg = Release|Any CPU
		{716E9D37-2D92-4514-A439-3E992469921A}.Release|Any CPU.Build.0 = Release|Any CPU
		{D3ACFDA1-EA99-483A-9662-5BFFADDE25B2}.Debug|Any CPU.ActiveCfg = Debug|Any CPU
		{D3ACFDA1-EA99-483A-9662-5BFFADDE25B2}.Debug|Any CPU.Build.0 = Debug|Any CPU
		{D3ACFDA1-EA99-483A-9662-5BFFADDE25B2}.Release|Any CPU.ActiveCfg = Release|Any CPU
		{D3ACFDA1-EA99-483A-9662-5BFFADDE25B2}.Release|Any CPU.Build.0 = Release|Any CPU
		{1D9B4C5B-8DED-45BA-960F-1CFFF408668F}.Debug|Any CPU.ActiveCfg = Debug|Any CPU
		{1D9B4C5B-8DED-45BA-960F-1CFFF408668F}.Debug|Any CPU.Build.0 = Debug|Any CPU
		{1D9B4C5B-8DED-45BA-960F-1CFFF408668F}.Release|Any CPU.ActiveCfg = Release|Any CPU
		{1D9B4C5B-8DED-45BA-960F-1CFFF408668F}.Release|Any CPU.Build.0 = Release|Any CPU
		{7429559F-1AA1-43AF-A017-93B90332D8F7}.Debug|Any CPU.ActiveCfg = Debug|Any CPU
		{7429559F-1AA1-43AF-A017-93B90332D8F7}.Debug|Any CPU.Build.0 = Debug|Any CPU
		{7429559F-1AA1-43AF-A017-93B90332D8F7}.Release|Any CPU.ActiveCfg = Release|Any CPU
		{7429559F-1AA1-43AF-A017-93B90332D8F7}.Release|Any CPU.Build.0 = Release|Any CPU
		{EB0A478A-5EA4-4999-92CB-021375D665A5}.Debug|Any CPU.ActiveCfg = Debug|Any CPU
		{EB0A478A-5EA4-4999-92CB-021375D665A5}.Debug|Any CPU.Build.0 = Debug|Any CPU
		{EB0A478A-5EA4-4999-92CB-021375D665A5}.Release|Any CPU.ActiveCfg = Release|Any CPU
		{EB0A478A-5EA4-4999-92CB-021375D665A5}.Release|Any CPU.Build.0 = Release|Any CPU
		{E109633E-559F-4D88-AF7D-18B583C0B6F9}.Debug|Any CPU.ActiveCfg = Debug|Any CPU
		{E109633E-559F-4D88-AF7D-18B583C0B6F9}.Debug|Any CPU.Build.0 = Debug|Any CPU
		{E109633E-559F-4D88-AF7D-18B583C0B6F9}.Release|Any CPU.ActiveCfg = Release|Any CPU
		{E109633E-559F-4D88-AF7D-18B583C0B6F9}.Release|Any CPU.Build.0 = Release|Any CPU
		{B613C542-3BD4-4D70-90A1-D6AF6831C2E4}.Debug|Any CPU.ActiveCfg = Debug|Any CPU
		{B613C542-3BD4-4D70-90A1-D6AF6831C2E4}.Debug|Any CPU.Build.0 = Debug|Any CPU
		{B613C542-3BD4-4D70-90A1-D6AF6831C2E4}.Release|Any CPU.ActiveCfg = Release|Any CPU
		{B613C542-3BD4-4D70-90A1-D6AF6831C2E4}.Release|Any CPU.Build.0 = Release|Any CPU
		{60DE4228-65C1-4006-98B6-C3D4FF080AEA}.Debug|Any CPU.ActiveCfg = Debug|Any CPU
		{60DE4228-65C1-4006-98B6-C3D4FF080AEA}.Debug|Any CPU.Build.0 = Debug|Any CPU
		{60DE4228-65C1-4006-98B6-C3D4FF080AEA}.Release|Any CPU.ActiveCfg = Release|Any CPU
		{60DE4228-65C1-4006-98B6-C3D4FF080AEA}.Release|Any CPU.Build.0 = Release|Any CPU
		{079DF1FE-E94F-49F3-A83B-CE5B20D76CD1}.Debug|Any CPU.ActiveCfg = Debug|Any CPU
		{079DF1FE-E94F-49F3-A83B-CE5B20D76CD1}.Debug|Any CPU.Build.0 = Debug|Any CPU
		{079DF1FE-E94F-49F3-A83B-CE5B20D76CD1}.Release|Any CPU.ActiveCfg = Release|Any CPU
		{079DF1FE-E94F-49F3-A83B-CE5B20D76CD1}.Release|Any CPU.Build.0 = Release|Any CPU
		{0EF1A209-E98B-4DD1-AF4C-3F50EC73B8CB}.Debug|Any CPU.ActiveCfg = Debug|Any CPU
		{0EF1A209-E98B-4DD1-AF4C-3F50EC73B8CB}.Debug|Any CPU.Build.0 = Debug|Any CPU
		{0EF1A209-E98B-4DD1-AF4C-3F50EC73B8CB}.Release|Any CPU.ActiveCfg = Release|Any CPU
		{0EF1A209-E98B-4DD1-AF4C-3F50EC73B8CB}.Release|Any CPU.Build.0 = Release|Any CPU
		{6F0555E9-AA53-4EE7-A846-A16159E80CA0}.Debug|Any CPU.ActiveCfg = Debug|Any CPU
		{6F0555E9-AA53-4EE7-A846-A16159E80CA0}.Debug|Any CPU.Build.0 = Debug|Any CPU
		{6F0555E9-AA53-4EE7-A846-A16159E80CA0}.Release|Any CPU.ActiveCfg = Release|Any CPU
		{6F0555E9-AA53-4EE7-A846-A16159E80CA0}.Release|Any CPU.Build.0 = Release|Any CPU
		{EA7FA26F-F113-49E8-B6C3-7E5EF0EA8B76}.Debug|Any CPU.ActiveCfg = Debug|Any CPU
		{EA7FA26F-F113-49E8-B6C3-7E5EF0EA8B76}.Debug|Any CPU.Build.0 = Debug|Any CPU
		{EA7FA26F-F113-49E8-B6C3-7E5EF0EA8B76}.Release|Any CPU.ActiveCfg = Release|Any CPU
		{EA7FA26F-F113-49E8-B6C3-7E5EF0EA8B76}.Release|Any CPU.Build.0 = Release|Any CPU
		{5166CF19-6D79-4BE5-B5A5-54588B325370}.Debug|Any CPU.ActiveCfg = Debug|Any CPU
		{5166CF19-6D79-4BE5-B5A5-54588B325370}.Debug|Any CPU.Build.0 = Debug|Any CPU
		{5166CF19-6D79-4BE5-B5A5-54588B325370}.Release|Any CPU.ActiveCfg = Release|Any CPU
		{5166CF19-6D79-4BE5-B5A5-54588B325370}.Release|Any CPU.Build.0 = Release|Any CPU
		{FE023550-5884-4F5C-91F4-00278BACFA51}.Debug|Any CPU.ActiveCfg = Debug|Any CPU
		{FE023550-5884-4F5C-91F4-00278BACFA51}.Debug|Any CPU.Build.0 = Debug|Any CPU
		{FE023550-5884-4F5C-91F4-00278BACFA51}.Release|Any CPU.ActiveCfg = Release|Any CPU
		{FE023550-5884-4F5C-91F4-00278BACFA51}.Release|Any CPU.Build.0 = Release|Any CPU
		{ABF7CE7E-C38D-4DCA-8981-9FE7DFF47E91}.Debug|Any CPU.ActiveCfg = Debug|Any CPU
		{ABF7CE7E-C38D-4DCA-8981-9FE7DFF47E91}.Debug|Any CPU.Build.0 = Debug|Any CPU
		{ABF7CE7E-C38D-4DCA-8981-9FE7DFF47E91}.Release|Any CPU.ActiveCfg = Release|Any CPU
		{ABF7CE7E-C38D-4DCA-8981-9FE7DFF47E91}.Release|Any CPU.Build.0 = Release|Any CPU
		{BB633796-31B3-4805-A418-3F6F51A8AF75}.Debug|Any CPU.ActiveCfg = Debug|Any CPU
		{BB633796-31B3-4805-A418-3F6F51A8AF75}.Debug|Any CPU.Build.0 = Debug|Any CPU
		{BB633796-31B3-4805-A418-3F6F51A8AF75}.Release|Any CPU.ActiveCfg = Release|Any CPU
		{BB633796-31B3-4805-A418-3F6F51A8AF75}.Release|Any CPU.Build.0 = Release|Any CPU
		{8A66294A-F9D9-41CA-8847-4D5199302FC2}.Debug|Any CPU.ActiveCfg = Debug|Any CPU
		{8A66294A-F9D9-41CA-8847-4D5199302FC2}.Debug|Any CPU.Build.0 = Debug|Any CPU
		{8A66294A-F9D9-41CA-8847-4D5199302FC2}.Release|Any CPU.ActiveCfg = Release|Any CPU
		{8A66294A-F9D9-41CA-8847-4D5199302FC2}.Release|Any CPU.Build.0 = Release|Any CPU
		{7AA4275B-9F9E-429C-BC0D-2462D0EBE45F}.Debug|Any CPU.ActiveCfg = Debug|Any CPU
		{7AA4275B-9F9E-429C-BC0D-2462D0EBE45F}.Debug|Any CPU.Build.0 = Debug|Any CPU
		{7AA4275B-9F9E-429C-BC0D-2462D0EBE45F}.Release|Any CPU.ActiveCfg = Release|Any CPU
		{7AA4275B-9F9E-429C-BC0D-2462D0EBE45F}.Release|Any CPU.Build.0 = Release|Any CPU
		{39C43C99-F21E-402E-BA96-FDB19A39770A}.Debug|Any CPU.ActiveCfg = Debug|Any CPU
		{39C43C99-F21E-402E-BA96-FDB19A39770A}.Debug|Any CPU.Build.0 = Debug|Any CPU
		{39C43C99-F21E-402E-BA96-FDB19A39770A}.Release|Any CPU.ActiveCfg = Release|Any CPU
		{39C43C99-F21E-402E-BA96-FDB19A39770A}.Release|Any CPU.Build.0 = Release|Any CPU
	EndGlobalSection
	GlobalSection(SolutionProperties) = preSolution
		HideSolutionNode = FALSE
	EndGlobalSection
	GlobalSection(NestedProjects) = preSolution
		{E00FC571-9A6E-4D66-B75F-F1A3C24CE4B6} = {7E81E832-B807-4480-B7CD-9A5C513D4C1B}
		{B6A48600-5569-451C-9246-95F766EBCA00} = {D3EF76D6-8027-4233-B273-4B365A854AC5}
		{785E937E-BB4D-4337-97AB-26724F2C1087} = {B6A48600-5569-451C-9246-95F766EBCA00}
		{AE76D4BB-B2E4-42DB-98CE-B4EFE87B0847} = {B6A48600-5569-451C-9246-95F766EBCA00}
		{E7064203-5585-4F76-9EDE-D92B8D39FED6} = {D3EF76D6-8027-4233-B273-4B365A854AC5}
		{59202F5F-8299-42FB-9495-DAED7413A5E6} = {E7064203-5585-4F76-9EDE-D92B8D39FED6}
		{CC89A060-660A-471C-B12E-D666141A5D13} = {E7064203-5585-4F76-9EDE-D92B8D39FED6}
		{AF46A91B-A7B1-441D-A8BC-3D58ABFDE2A0} = {D3EF76D6-8027-4233-B273-4B365A854AC5}
		{594DA616-CF9F-4C0E-9018-32DFF6D966B7} = {AF46A91B-A7B1-441D-A8BC-3D58ABFDE2A0}
		{575986AD-EBCA-4FE3-A48B-612EBCEE8FED} = {AF46A91B-A7B1-441D-A8BC-3D58ABFDE2A0}
		{AE795447-8CC5-40BB-8B12-C9B25F0937FB} = {D3EF76D6-8027-4233-B273-4B365A854AC5}
		{716E9D37-2D92-4514-A439-3E992469921A} = {AE795447-8CC5-40BB-8B12-C9B25F0937FB}
		{D3ACFDA1-EA99-483A-9662-5BFFADDE25B2} = {AE795447-8CC5-40BB-8B12-C9B25F0937FB}
		{1D9B4C5B-8DED-45BA-960F-1CFFF408668F} = {AE795447-8CC5-40BB-8B12-C9B25F0937FB}
		{7429559F-1AA1-43AF-A017-93B90332D8F7} = {AE795447-8CC5-40BB-8B12-C9B25F0937FB}
		{EB0A478A-5EA4-4999-92CB-021375D665A5} = {AE795447-8CC5-40BB-8B12-C9B25F0937FB}
		{E109633E-559F-4D88-AF7D-18B583C0B6F9} = {AE795447-8CC5-40BB-8B12-C9B25F0937FB}
		{B613C542-3BD4-4D70-90A1-D6AF6831C2E4} = {AE795447-8CC5-40BB-8B12-C9B25F0937FB}
		{60DE4228-65C1-4006-98B6-C3D4FF080AEA} = {AE795447-8CC5-40BB-8B12-C9B25F0937FB}
		{079DF1FE-E94F-49F3-A83B-CE5B20D76CD1} = {AE795447-8CC5-40BB-8B12-C9B25F0937FB}
		{0EF1A209-E98B-4DD1-AF4C-3F50EC73B8CB} = {AE795447-8CC5-40BB-8B12-C9B25F0937FB}
		{6F0555E9-AA53-4EE7-A846-A16159E80CA0} = {AE795447-8CC5-40BB-8B12-C9B25F0937FB}
		{EA7FA26F-F113-49E8-B6C3-7E5EF0EA8B76} = {AE795447-8CC5-40BB-8B12-C9B25F0937FB}
		{5166CF19-6D79-4BE5-B5A5-54588B325370} = {AE795447-8CC5-40BB-8B12-C9B25F0937FB}
		{F00F55BD-BD65-4183-AEE3-CF0278BF4B18} = {D3EF76D6-8027-4233-B273-4B365A854AC5}
		{FE023550-5884-4F5C-91F4-00278BACFA51} = {F00F55BD-BD65-4183-AEE3-CF0278BF4B18}
		{ABF7CE7E-C38D-4DCA-8981-9FE7DFF47E91} = {F00F55BD-BD65-4183-AEE3-CF0278BF4B18}
		{BB633796-31B3-4805-A418-3F6F51A8AF75} = {F00F55BD-BD65-4183-AEE3-CF0278BF4B18}
		{8A66294A-F9D9-41CA-8847-4D5199302FC2} = {F00F55BD-BD65-4183-AEE3-CF0278BF4B18}
		{7AA4275B-9F9E-429C-BC0D-2462D0EBE45F} = {F00F55BD-BD65-4183-AEE3-CF0278BF4B18}
		{39C43C99-F21E-402E-BA96-FDB19A39770A} = {F00F55BD-BD65-4183-AEE3-CF0278BF4B18}
	EndGlobalSection
	GlobalSection(ExtensibilityGlobals) = postSolution
		SolutionGuid = {EEADDB93-B458-494E-BA70-03CC263A5B5C}
	EndGlobalSection
EndGlobal
