
Microsoft Visual Studio Solution File, Format Version 12.00
# Visual Studio 15
VisualStudioVersion = 15.0.27428.2037
MinimumVisualStudioVersion = 10.0.40219.1
Project("{2150E333-8FDC-42A3-9474-1A3956D46DE8}") = "hackerrank", "hackerrank", "{C17118DB-D007-4A77-A48B-2BCC71BF2EAD}"
EndProject
Project("{FAE04EC0-301F-11D3-BF4B-00C04F79EFBC}") = "Day_8_DictionariesAndMaps", "Day_8_DictionariesAndMaps\Day_8_DictionariesAndMaps.csproj", "{649DF645-9E2B-4401-A083-9368906AAC5E}"
EndProject
Project("{FAE04EC0-301F-11D3-BF4B-00C04F79EFBC}") = "Day_9_Recursion3", "Day_9_Recursion3\Day_9_Recursion3.csproj", "{D6180C73-B04E-45B0-8052-EB440BD8CD24}"
EndProject
Project("{FAE04EC0-301F-11D3-BF4B-00C04F79EFBC}") = "Day10_BinaryNumbers", "Day10_BinaryNumbers\Day10_BinaryNumbers.csproj", "{ED761C54-23CF-422B-A0D5-B067073F25BC}"
EndProject
Project("{FAE04EC0-301F-11D3-BF4B-00C04F79EFBC}") = "Day11_2DArrays", "Day11_2DArrays\Day11_2DArrays.csproj", "{7BB0DF28-C28D-4D29-AF3B-5CCBE35353B9}"
EndProject
Project("{2150E333-8FDC-42A3-9474-1A3956D46DE8}") = "judge_telerik", "judge_telerik", "{A59897CA-2A06-4287-9035-31280955B268}"
EndProject
Project("{FAE04EC0-301F-11D3-BF4B-00C04F79EFBC}") = "ShootingContest", "ShootingContest\ShootingContest.csproj", "{BD278A3A-8AE9-4290-B5DB-3DF8B0CF1DD6}"
EndProject
Project("{FAE04EC0-301F-11D3-BF4B-00C04F79EFBC}") = "Day_12_Inheritance", "Day_12_Inheritance\Day_12_Inheritance.csproj", "{674971F1-EC81-4458-9A92-B41D4E60F266}"
EndProject
Project("{FAE04EC0-301F-11D3-BF4B-00C04F79EFBC}") = "Day_13_AbstractClasses", "Day_12_AbstractClasses\Day_13_AbstractClasses.csproj", "{80E2EE39-0419-4D7F-BCFE-19B31F95F04C}"
EndProject
Project("{FAE04EC0-301F-11D3-BF4B-00C04F79EFBC}") = "Day_14_Scope", "Day_14_Scope\Day_14_Scope.csproj", "{B98C2C9E-B2E9-4385-B535-7F73B123B732}"
EndProject
Project("{FAE04EC0-301F-11D3-BF4B-00C04F79EFBC}") = "Day_15_LinkedList", "Day_15_LinkedList\Day_15_LinkedList.csproj", "{4CB990AF-9285-48A4-BFF5-9AA8BC281C74}"
EndProject
Project("{FAE04EC0-301F-11D3-BF4B-00C04F79EFBC}") = "Day_16_ExceptionsStringInteger", "Day_16_ExceptionsStringInteger\Day_16_ExceptionsStringInteger.csproj", "{A48A5077-9CB5-410D-945F-C750A8C74735}"
EndProject
Project("{FAE04EC0-301F-11D3-BF4B-00C04F79EFBC}") = "Day_17_MoreExceptions", "Day_17_MoreExceptions\Day_17_MoreExceptions.csproj", "{8E2CA2B3-5CEC-4040-BD42-3B95E82F24D3}"
EndProject
Project("{FAE04EC0-301F-11D3-BF4B-00C04F79EFBC}") = "Day_18_QueuesStacks", "Day_18_QueuesStacks\Day_18_QueuesStacks.csproj", "{52635295-D9CF-46F0-B623-7D94A8B5A381}"
EndProject
Project("{FAE04EC0-301F-11D3-BF4B-00C04F79EFBC}") = "Day_19_Interfaces", "Day_19_Interfaces\Day_19_Interfaces.csproj", "{3CE3CD4B-DDCC-48FF-BAD7-C98AC59F2FEA}"
EndProject
Project("{FAE04EC0-301F-11D3-BF4B-00C04F79EFBC}") = "Day_20_Sorting", "Day_20_Sorting\Day_20_Sorting.csproj", "{E934A209-468E-4B4C-9870-958DA3318049}"
EndProject
Project("{FAE04EC0-301F-11D3-BF4B-00C04F79EFBC}") = "Day_21_Generics", "Day_21_Generics\Day_21_Generics.csproj", "{0F9C8EE3-2FFD-4977-A6AA-C2C175B20D99}"
EndProject
Project("{FAE04EC0-301F-11D3-BF4B-00C04F79EFBC}") = "Day_23_BSTLevel_OrderTraversal", "Day_23_BSTLevel_OrderTraversal\Day_23_BSTLevel_OrderTraversal.csproj", "{934B3B75-9835-420C-B5BD-D6492D6B465B}"
EndProject
Project("{FAE04EC0-301F-11D3-BF4B-00C04F79EFBC}") = "Day_24_MoreLinkedListsRemoveDuplicates", "Day_24_MoreLinkedListsRemoveDuplicates\Day_24_MoreLinkedListsRemoveDuplicates.csproj", "{0313066A-1421-4408-AF15-1BAC22DF604E}"
EndProject
Project("{FAE04EC0-301F-11D3-BF4B-00C04F79EFBC}") = "Day_25_RunningTimeComplexity", "Day_25_RunningTimeComplexity\Day_25_RunningTimeComplexity.csproj", "{212CB005-771F-4939-9F9E-69A04D259CB4}"
EndProject
Project("{FAE04EC0-301F-11D3-BF4B-00C04F79EFBC}") = "Day_26_NestedLogic", "Day_26_NestedLogic\Day_26_NestedLogic.csproj", "{D9D75001-DD20-4DDB-9C74-9C6A7BA21D15}"
EndProject
Project("{FAE04EC0-301F-11D3-BF4B-00C04F79EFBC}") = "Day_28_RegExPatternsIntroDatabases", "Day_28_RegExPatternsIntroDatabases\Day_28_RegExPatternsIntroDatabases.csproj", "{D948069C-CC21-4502-B152-72A167B20B90}"
EndProject
Project("{2150E333-8FDC-42A3-9474-1A3956D46DE8}") = "30_DaysOfCoding", "30_DaysOfCoding", "{F97A6CE4-B668-41F7-A9CE-3B6B9A5F002B}"
EndProject
Project("{2150E333-8FDC-42A3-9474-1A3956D46DE8}") = "ProblemSolving", "ProblemSolving", "{74F5C8DF-C1C3-4A88-AC74-925D534F9928}"
EndProject
Project("{FAE04EC0-301F-11D3-BF4B-00C04F79EFBC}") = "PlusMinus", "PlusMinus\PlusMinus.csproj", "{33E69131-5246-4BBC-A1F2-F27366598A5C}"
EndProject
Project("{FAE04EC0-301F-11D3-BF4B-00C04F79EFBC}") = "DiagonalDifference", "DiagonalDifference\DiagonalDifference.csproj", "{EA4FCED0-450C-47CB-9439-89916C5AEFBD}"
EndProject
Project("{FAE04EC0-301F-11D3-BF4B-00C04F79EFBC}") = "Staircase", "Staircase\Staircase.csproj", "{7C49973A-22DB-4512-9EA0-16EBAC9BB8CE}"
EndProject
Project("{FAE04EC0-301F-11D3-BF4B-00C04F79EFBC}") = "MinMaxSum", "MinMaxSum\MinMaxSum.csproj", "{25A6E1A5-97B9-4381-A672-FB42C5550F5D}"
EndProject
Project("{FAE04EC0-301F-11D3-BF4B-00C04F79EFBC}") = "BirthdayCakeCandles", "BirthdayCakeCandles\BirthdayCakeCandles.csproj", "{055E3F14-00E5-4EC8-8FF2-4636424AB953}"
EndProject
Project("{FAE04EC0-301F-11D3-BF4B-00C04F79EFBC}") = "InsertionSortPart1", "InsertionSortPart1\InsertionSortPart1.csproj", "{8C5D1308-A345-4CFB-9F0A-1304171B8381}"
EndProject
Project("{FAE04EC0-301F-11D3-BF4B-00C04F79EFBC}") = "InsertionSortPart2", "InsertionSortPart2\InsertionSortPart2.csproj", "{F718FF30-A2B8-45B8-9A6E-4506CD32D6C6}"
EndProject
Project("{9A19103F-16F7-4668-BE54-9A1E7A4F7556}") = "SuperReducedString", "SuperReducedString\SuperReducedString.csproj", "{749F59EB-2914-4AE8-B34E-78A4769A8BC0}"
EndProject
Project("{FAE04EC0-301F-11D3-BF4B-00C04F79EFBC}") = "CamelCase", "CamelCase\CamelCase.csproj", "{BBAAAE7A-9255-4941-8659-CCABD28B7425}"
EndProject
Project("{FAE04EC0-301F-11D3-BF4B-00C04F79EFBC}") = "StrongPassword", "StrongPassword\StrongPassword.csproj", "{DF6C2667-ADA0-4486-8543-B058F7C6D257}"
EndProject
Project("{FAE04EC0-301F-11D3-BF4B-00C04F79EFBC}") = "CaesarCipher", "CaesarCipher\CaesarCipher.csproj", "{45499325-920B-4BA4-BA81-AF44FC232F64}"
EndProject
Project("{FAE04EC0-301F-11D3-BF4B-00C04F79EFBC}") = "MarsExploration", "MarsExploration\MarsExploration.csproj", "{D371200F-20CD-4326-A0AB-4D57D3D8FDEB}"
EndProject
Project("{FAE04EC0-301F-11D3-BF4B-00C04F79EFBC}") = "HackerRankInAString!", "HackerRankInAString!\HackerRankInAString!.csproj", "{7AEA9773-83C7-465C-B543-E67F1607A11E}"
EndProject
Project("{FAE04EC0-301F-11D3-BF4B-00C04F79EFBC}") = "Pangrams", "Pangrams\Pangrams.csproj", "{5D93D7A5-A1A4-4014-981A-6C19A459D906}"
EndProject
Project("{FAE04EC0-301F-11D3-BF4B-00C04F79EFBC}") = "WeightedUniformStrings", "WeightedUniformStrings\WeightedUniformStrings.csproj", "{DBE00824-7439-44D5-8134-6638ECBF6098}"
EndProject
Global
	GlobalSection(SolutionConfigurationPlatforms) = preSolution
		Debug|Any CPU = Debug|Any CPU
		Release|Any CPU = Release|Any CPU
	EndGlobalSection
	GlobalSection(ProjectConfigurationPlatforms) = postSolution
		{649DF645-9E2B-4401-A083-9368906AAC5E}.Debug|Any CPU.ActiveCfg = Debug|Any CPU
		{649DF645-9E2B-4401-A083-9368906AAC5E}.Debug|Any CPU.Build.0 = Debug|Any CPU
		{649DF645-9E2B-4401-A083-9368906AAC5E}.Release|Any CPU.ActiveCfg = Release|Any CPU
		{649DF645-9E2B-4401-A083-9368906AAC5E}.Release|Any CPU.Build.0 = Release|Any CPU
		{D6180C73-B04E-45B0-8052-EB440BD8CD24}.Debug|Any CPU.ActiveCfg = Debug|Any CPU
		{D6180C73-B04E-45B0-8052-EB440BD8CD24}.Debug|Any CPU.Build.0 = Debug|Any CPU
		{D6180C73-B04E-45B0-8052-EB440BD8CD24}.Release|Any CPU.ActiveCfg = Release|Any CPU
		{D6180C73-B04E-45B0-8052-EB440BD8CD24}.Release|Any CPU.Build.0 = Release|Any CPU
		{ED761C54-23CF-422B-A0D5-B067073F25BC}.Debug|Any CPU.ActiveCfg = Debug|Any CPU
		{ED761C54-23CF-422B-A0D5-B067073F25BC}.Debug|Any CPU.Build.0 = Debug|Any CPU
		{ED761C54-23CF-422B-A0D5-B067073F25BC}.Release|Any CPU.ActiveCfg = Release|Any CPU
		{ED761C54-23CF-422B-A0D5-B067073F25BC}.Release|Any CPU.Build.0 = Release|Any CPU
		{7BB0DF28-C28D-4D29-AF3B-5CCBE35353B9}.Debug|Any CPU.ActiveCfg = Debug|Any CPU
		{7BB0DF28-C28D-4D29-AF3B-5CCBE35353B9}.Debug|Any CPU.Build.0 = Debug|Any CPU
		{7BB0DF28-C28D-4D29-AF3B-5CCBE35353B9}.Release|Any CPU.ActiveCfg = Release|Any CPU
		{7BB0DF28-C28D-4D29-AF3B-5CCBE35353B9}.Release|Any CPU.Build.0 = Release|Any CPU
		{BD278A3A-8AE9-4290-B5DB-3DF8B0CF1DD6}.Debug|Any CPU.ActiveCfg = Debug|Any CPU
		{BD278A3A-8AE9-4290-B5DB-3DF8B0CF1DD6}.Debug|Any CPU.Build.0 = Debug|Any CPU
		{BD278A3A-8AE9-4290-B5DB-3DF8B0CF1DD6}.Release|Any CPU.ActiveCfg = Release|Any CPU
		{BD278A3A-8AE9-4290-B5DB-3DF8B0CF1DD6}.Release|Any CPU.Build.0 = Release|Any CPU
		{674971F1-EC81-4458-9A92-B41D4E60F266}.Debug|Any CPU.ActiveCfg = Debug|Any CPU
		{674971F1-EC81-4458-9A92-B41D4E60F266}.Debug|Any CPU.Build.0 = Debug|Any CPU
		{674971F1-EC81-4458-9A92-B41D4E60F266}.Release|Any CPU.ActiveCfg = Release|Any CPU
		{674971F1-EC81-4458-9A92-B41D4E60F266}.Release|Any CPU.Build.0 = Release|Any CPU
		{80E2EE39-0419-4D7F-BCFE-19B31F95F04C}.Debug|Any CPU.ActiveCfg = Debug|Any CPU
		{80E2EE39-0419-4D7F-BCFE-19B31F95F04C}.Debug|Any CPU.Build.0 = Debug|Any CPU
		{80E2EE39-0419-4D7F-BCFE-19B31F95F04C}.Release|Any CPU.ActiveCfg = Release|Any CPU
		{80E2EE39-0419-4D7F-BCFE-19B31F95F04C}.Release|Any CPU.Build.0 = Release|Any CPU
		{B98C2C9E-B2E9-4385-B535-7F73B123B732}.Debug|Any CPU.ActiveCfg = Debug|Any CPU
		{B98C2C9E-B2E9-4385-B535-7F73B123B732}.Debug|Any CPU.Build.0 = Debug|Any CPU
		{B98C2C9E-B2E9-4385-B535-7F73B123B732}.Release|Any CPU.ActiveCfg = Release|Any CPU
		{B98C2C9E-B2E9-4385-B535-7F73B123B732}.Release|Any CPU.Build.0 = Release|Any CPU
		{4CB990AF-9285-48A4-BFF5-9AA8BC281C74}.Debug|Any CPU.ActiveCfg = Debug|Any CPU
		{4CB990AF-9285-48A4-BFF5-9AA8BC281C74}.Debug|Any CPU.Build.0 = Debug|Any CPU
		{4CB990AF-9285-48A4-BFF5-9AA8BC281C74}.Release|Any CPU.ActiveCfg = Release|Any CPU
		{4CB990AF-9285-48A4-BFF5-9AA8BC281C74}.Release|Any CPU.Build.0 = Release|Any CPU
		{A48A5077-9CB5-410D-945F-C750A8C74735}.Debug|Any CPU.ActiveCfg = Debug|Any CPU
		{A48A5077-9CB5-410D-945F-C750A8C74735}.Debug|Any CPU.Build.0 = Debug|Any CPU
		{A48A5077-9CB5-410D-945F-C750A8C74735}.Release|Any CPU.ActiveCfg = Release|Any CPU
		{A48A5077-9CB5-410D-945F-C750A8C74735}.Release|Any CPU.Build.0 = Release|Any CPU
		{8E2CA2B3-5CEC-4040-BD42-3B95E82F24D3}.Debug|Any CPU.ActiveCfg = Debug|Any CPU
		{8E2CA2B3-5CEC-4040-BD42-3B95E82F24D3}.Debug|Any CPU.Build.0 = Debug|Any CPU
		{8E2CA2B3-5CEC-4040-BD42-3B95E82F24D3}.Release|Any CPU.ActiveCfg = Release|Any CPU
		{8E2CA2B3-5CEC-4040-BD42-3B95E82F24D3}.Release|Any CPU.Build.0 = Release|Any CPU
		{52635295-D9CF-46F0-B623-7D94A8B5A381}.Debug|Any CPU.ActiveCfg = Debug|Any CPU
		{52635295-D9CF-46F0-B623-7D94A8B5A381}.Debug|Any CPU.Build.0 = Debug|Any CPU
		{52635295-D9CF-46F0-B623-7D94A8B5A381}.Release|Any CPU.ActiveCfg = Release|Any CPU
		{52635295-D9CF-46F0-B623-7D94A8B5A381}.Release|Any CPU.Build.0 = Release|Any CPU
		{3CE3CD4B-DDCC-48FF-BAD7-C98AC59F2FEA}.Debug|Any CPU.ActiveCfg = Debug|Any CPU
		{3CE3CD4B-DDCC-48FF-BAD7-C98AC59F2FEA}.Debug|Any CPU.Build.0 = Debug|Any CPU
		{3CE3CD4B-DDCC-48FF-BAD7-C98AC59F2FEA}.Release|Any CPU.ActiveCfg = Release|Any CPU
		{3CE3CD4B-DDCC-48FF-BAD7-C98AC59F2FEA}.Release|Any CPU.Build.0 = Release|Any CPU
		{E934A209-468E-4B4C-9870-958DA3318049}.Debug|Any CPU.ActiveCfg = Debug|Any CPU
		{E934A209-468E-4B4C-9870-958DA3318049}.Debug|Any CPU.Build.0 = Debug|Any CPU
		{E934A209-468E-4B4C-9870-958DA3318049}.Release|Any CPU.ActiveCfg = Release|Any CPU
		{E934A209-468E-4B4C-9870-958DA3318049}.Release|Any CPU.Build.0 = Release|Any CPU
		{0F9C8EE3-2FFD-4977-A6AA-C2C175B20D99}.Debug|Any CPU.ActiveCfg = Debug|Any CPU
		{0F9C8EE3-2FFD-4977-A6AA-C2C175B20D99}.Debug|Any CPU.Build.0 = Debug|Any CPU
		{0F9C8EE3-2FFD-4977-A6AA-C2C175B20D99}.Release|Any CPU.ActiveCfg = Release|Any CPU
		{0F9C8EE3-2FFD-4977-A6AA-C2C175B20D99}.Release|Any CPU.Build.0 = Release|Any CPU
		{934B3B75-9835-420C-B5BD-D6492D6B465B}.Debug|Any CPU.ActiveCfg = Debug|Any CPU
		{934B3B75-9835-420C-B5BD-D6492D6B465B}.Debug|Any CPU.Build.0 = Debug|Any CPU
		{934B3B75-9835-420C-B5BD-D6492D6B465B}.Release|Any CPU.ActiveCfg = Release|Any CPU
		{934B3B75-9835-420C-B5BD-D6492D6B465B}.Release|Any CPU.Build.0 = Release|Any CPU
		{0313066A-1421-4408-AF15-1BAC22DF604E}.Debug|Any CPU.ActiveCfg = Debug|Any CPU
		{0313066A-1421-4408-AF15-1BAC22DF604E}.Debug|Any CPU.Build.0 = Debug|Any CPU
		{0313066A-1421-4408-AF15-1BAC22DF604E}.Release|Any CPU.ActiveCfg = Release|Any CPU
		{0313066A-1421-4408-AF15-1BAC22DF604E}.Release|Any CPU.Build.0 = Release|Any CPU
		{212CB005-771F-4939-9F9E-69A04D259CB4}.Debug|Any CPU.ActiveCfg = Debug|Any CPU
		{212CB005-771F-4939-9F9E-69A04D259CB4}.Debug|Any CPU.Build.0 = Debug|Any CPU
		{212CB005-771F-4939-9F9E-69A04D259CB4}.Release|Any CPU.ActiveCfg = Release|Any CPU
		{212CB005-771F-4939-9F9E-69A04D259CB4}.Release|Any CPU.Build.0 = Release|Any CPU
		{D9D75001-DD20-4DDB-9C74-9C6A7BA21D15}.Debug|Any CPU.ActiveCfg = Debug|Any CPU
		{D9D75001-DD20-4DDB-9C74-9C6A7BA21D15}.Debug|Any CPU.Build.0 = Debug|Any CPU
		{D9D75001-DD20-4DDB-9C74-9C6A7BA21D15}.Release|Any CPU.ActiveCfg = Release|Any CPU
		{D9D75001-DD20-4DDB-9C74-9C6A7BA21D15}.Release|Any CPU.Build.0 = Release|Any CPU
		{D948069C-CC21-4502-B152-72A167B20B90}.Debug|Any CPU.ActiveCfg = Debug|Any CPU
		{D948069C-CC21-4502-B152-72A167B20B90}.Debug|Any CPU.Build.0 = Debug|Any CPU
		{D948069C-CC21-4502-B152-72A167B20B90}.Release|Any CPU.ActiveCfg = Release|Any CPU
		{D948069C-CC21-4502-B152-72A167B20B90}.Release|Any CPU.Build.0 = Release|Any CPU
		{33E69131-5246-4BBC-A1F2-F27366598A5C}.Debug|Any CPU.ActiveCfg = Debug|Any CPU
		{33E69131-5246-4BBC-A1F2-F27366598A5C}.Debug|Any CPU.Build.0 = Debug|Any CPU
		{33E69131-5246-4BBC-A1F2-F27366598A5C}.Release|Any CPU.ActiveCfg = Release|Any CPU
		{33E69131-5246-4BBC-A1F2-F27366598A5C}.Release|Any CPU.Build.0 = Release|Any CPU
		{EA4FCED0-450C-47CB-9439-89916C5AEFBD}.Debug|Any CPU.ActiveCfg = Debug|Any CPU
		{EA4FCED0-450C-47CB-9439-89916C5AEFBD}.Debug|Any CPU.Build.0 = Debug|Any CPU
		{EA4FCED0-450C-47CB-9439-89916C5AEFBD}.Release|Any CPU.ActiveCfg = Release|Any CPU
		{EA4FCED0-450C-47CB-9439-89916C5AEFBD}.Release|Any CPU.Build.0 = Release|Any CPU
		{7C49973A-22DB-4512-9EA0-16EBAC9BB8CE}.Debug|Any CPU.ActiveCfg = Debug|Any CPU
		{7C49973A-22DB-4512-9EA0-16EBAC9BB8CE}.Debug|Any CPU.Build.0 = Debug|Any CPU
		{7C49973A-22DB-4512-9EA0-16EBAC9BB8CE}.Release|Any CPU.ActiveCfg = Release|Any CPU
		{7C49973A-22DB-4512-9EA0-16EBAC9BB8CE}.Release|Any CPU.Build.0 = Release|Any CPU
		{25A6E1A5-97B9-4381-A672-FB42C5550F5D}.Debug|Any CPU.ActiveCfg = Debug|Any CPU
		{25A6E1A5-97B9-4381-A672-FB42C5550F5D}.Debug|Any CPU.Build.0 = Debug|Any CPU
		{25A6E1A5-97B9-4381-A672-FB42C5550F5D}.Release|Any CPU.ActiveCfg = Release|Any CPU
		{25A6E1A5-97B9-4381-A672-FB42C5550F5D}.Release|Any CPU.Build.0 = Release|Any CPU
		{055E3F14-00E5-4EC8-8FF2-4636424AB953}.Debug|Any CPU.ActiveCfg = Debug|Any CPU
		{055E3F14-00E5-4EC8-8FF2-4636424AB953}.Debug|Any CPU.Build.0 = Debug|Any CPU
		{055E3F14-00E5-4EC8-8FF2-4636424AB953}.Release|Any CPU.ActiveCfg = Release|Any CPU
		{055E3F14-00E5-4EC8-8FF2-4636424AB953}.Release|Any CPU.Build.0 = Release|Any CPU
		{8C5D1308-A345-4CFB-9F0A-1304171B8381}.Debug|Any CPU.ActiveCfg = Debug|Any CPU
		{8C5D1308-A345-4CFB-9F0A-1304171B8381}.Debug|Any CPU.Build.0 = Debug|Any CPU
		{8C5D1308-A345-4CFB-9F0A-1304171B8381}.Release|Any CPU.ActiveCfg = Release|Any CPU
		{8C5D1308-A345-4CFB-9F0A-1304171B8381}.Release|Any CPU.Build.0 = Release|Any CPU
		{F718FF30-A2B8-45B8-9A6E-4506CD32D6C6}.Debug|Any CPU.ActiveCfg = Debug|Any CPU
		{F718FF30-A2B8-45B8-9A6E-4506CD32D6C6}.Debug|Any CPU.Build.0 = Debug|Any CPU
		{F718FF30-A2B8-45B8-9A6E-4506CD32D6C6}.Release|Any CPU.ActiveCfg = Release|Any CPU
		{F718FF30-A2B8-45B8-9A6E-4506CD32D6C6}.Release|Any CPU.Build.0 = Release|Any CPU
		{749F59EB-2914-4AE8-B34E-78A4769A8BC0}.Debug|Any CPU.ActiveCfg = Debug|Any CPU
		{749F59EB-2914-4AE8-B34E-78A4769A8BC0}.Debug|Any CPU.Build.0 = Debug|Any CPU
		{749F59EB-2914-4AE8-B34E-78A4769A8BC0}.Release|Any CPU.ActiveCfg = Release|Any CPU
		{749F59EB-2914-4AE8-B34E-78A4769A8BC0}.Release|Any CPU.Build.0 = Release|Any CPU
		{BBAAAE7A-9255-4941-8659-CCABD28B7425}.Debug|Any CPU.ActiveCfg = Debug|Any CPU
		{BBAAAE7A-9255-4941-8659-CCABD28B7425}.Debug|Any CPU.Build.0 = Debug|Any CPU
		{BBAAAE7A-9255-4941-8659-CCABD28B7425}.Release|Any CPU.ActiveCfg = Release|Any CPU
		{BBAAAE7A-9255-4941-8659-CCABD28B7425}.Release|Any CPU.Build.0 = Release|Any CPU
		{DF6C2667-ADA0-4486-8543-B058F7C6D257}.Debug|Any CPU.ActiveCfg = Debug|Any CPU
		{DF6C2667-ADA0-4486-8543-B058F7C6D257}.Debug|Any CPU.Build.0 = Debug|Any CPU
		{DF6C2667-ADA0-4486-8543-B058F7C6D257}.Release|Any CPU.ActiveCfg = Release|Any CPU
		{DF6C2667-ADA0-4486-8543-B058F7C6D257}.Release|Any CPU.Build.0 = Release|Any CPU
		{45499325-920B-4BA4-BA81-AF44FC232F64}.Debug|Any CPU.ActiveCfg = Debug|Any CPU
		{45499325-920B-4BA4-BA81-AF44FC232F64}.Debug|Any CPU.Build.0 = Debug|Any CPU
		{45499325-920B-4BA4-BA81-AF44FC232F64}.Release|Any CPU.ActiveCfg = Release|Any CPU
		{45499325-920B-4BA4-BA81-AF44FC232F64}.Release|Any CPU.Build.0 = Release|Any CPU
		{D371200F-20CD-4326-A0AB-4D57D3D8FDEB}.Debug|Any CPU.ActiveCfg = Debug|Any CPU
		{D371200F-20CD-4326-A0AB-4D57D3D8FDEB}.Debug|Any CPU.Build.0 = Debug|Any CPU
		{D371200F-20CD-4326-A0AB-4D57D3D8FDEB}.Release|Any CPU.ActiveCfg = Release|Any CPU
		{D371200F-20CD-4326-A0AB-4D57D3D8FDEB}.Release|Any CPU.Build.0 = Release|Any CPU
		{7AEA9773-83C7-465C-B543-E67F1607A11E}.Debug|Any CPU.ActiveCfg = Debug|Any CPU
		{7AEA9773-83C7-465C-B543-E67F1607A11E}.Debug|Any CPU.Build.0 = Debug|Any CPU
		{7AEA9773-83C7-465C-B543-E67F1607A11E}.Release|Any CPU.ActiveCfg = Release|Any CPU
		{7AEA9773-83C7-465C-B543-E67F1607A11E}.Release|Any CPU.Build.0 = Release|Any CPU
		{5D93D7A5-A1A4-4014-981A-6C19A459D906}.Debug|Any CPU.ActiveCfg = Debug|Any CPU
		{5D93D7A5-A1A4-4014-981A-6C19A459D906}.Debug|Any CPU.Build.0 = Debug|Any CPU
		{5D93D7A5-A1A4-4014-981A-6C19A459D906}.Release|Any CPU.ActiveCfg = Release|Any CPU
		{5D93D7A5-A1A4-4014-981A-6C19A459D906}.Release|Any CPU.Build.0 = Release|Any CPU
		{DBE00824-7439-44D5-8134-6638ECBF6098}.Debug|Any CPU.ActiveCfg = Debug|Any CPU
		{DBE00824-7439-44D5-8134-6638ECBF6098}.Debug|Any CPU.Build.0 = Debug|Any CPU
		{DBE00824-7439-44D5-8134-6638ECBF6098}.Release|Any CPU.ActiveCfg = Release|Any CPU
		{DBE00824-7439-44D5-8134-6638ECBF6098}.Release|Any CPU.Build.0 = Release|Any CPU
	EndGlobalSection
	GlobalSection(SolutionProperties) = preSolution
		HideSolutionNode = FALSE
	EndGlobalSection
	GlobalSection(NestedProjects) = preSolution
		{649DF645-9E2B-4401-A083-9368906AAC5E} = {F97A6CE4-B668-41F7-A9CE-3B6B9A5F002B}
		{D6180C73-B04E-45B0-8052-EB440BD8CD24} = {F97A6CE4-B668-41F7-A9CE-3B6B9A5F002B}
		{ED761C54-23CF-422B-A0D5-B067073F25BC} = {F97A6CE4-B668-41F7-A9CE-3B6B9A5F002B}
		{7BB0DF28-C28D-4D29-AF3B-5CCBE35353B9} = {F97A6CE4-B668-41F7-A9CE-3B6B9A5F002B}
		{BD278A3A-8AE9-4290-B5DB-3DF8B0CF1DD6} = {A59897CA-2A06-4287-9035-31280955B268}
		{674971F1-EC81-4458-9A92-B41D4E60F266} = {F97A6CE4-B668-41F7-A9CE-3B6B9A5F002B}
		{80E2EE39-0419-4D7F-BCFE-19B31F95F04C} = {F97A6CE4-B668-41F7-A9CE-3B6B9A5F002B}
		{B98C2C9E-B2E9-4385-B535-7F73B123B732} = {F97A6CE4-B668-41F7-A9CE-3B6B9A5F002B}
		{4CB990AF-9285-48A4-BFF5-9AA8BC281C74} = {F97A6CE4-B668-41F7-A9CE-3B6B9A5F002B}
		{A48A5077-9CB5-410D-945F-C750A8C74735} = {F97A6CE4-B668-41F7-A9CE-3B6B9A5F002B}
		{8E2CA2B3-5CEC-4040-BD42-3B95E82F24D3} = {F97A6CE4-B668-41F7-A9CE-3B6B9A5F002B}
		{52635295-D9CF-46F0-B623-7D94A8B5A381} = {F97A6CE4-B668-41F7-A9CE-3B6B9A5F002B}
		{3CE3CD4B-DDCC-48FF-BAD7-C98AC59F2FEA} = {F97A6CE4-B668-41F7-A9CE-3B6B9A5F002B}
		{E934A209-468E-4B4C-9870-958DA3318049} = {F97A6CE4-B668-41F7-A9CE-3B6B9A5F002B}
		{0F9C8EE3-2FFD-4977-A6AA-C2C175B20D99} = {F97A6CE4-B668-41F7-A9CE-3B6B9A5F002B}
		{934B3B75-9835-420C-B5BD-D6492D6B465B} = {F97A6CE4-B668-41F7-A9CE-3B6B9A5F002B}
		{0313066A-1421-4408-AF15-1BAC22DF604E} = {F97A6CE4-B668-41F7-A9CE-3B6B9A5F002B}
		{212CB005-771F-4939-9F9E-69A04D259CB4} = {F97A6CE4-B668-41F7-A9CE-3B6B9A5F002B}
		{D9D75001-DD20-4DDB-9C74-9C6A7BA21D15} = {F97A6CE4-B668-41F7-A9CE-3B6B9A5F002B}
		{D948069C-CC21-4502-B152-72A167B20B90} = {F97A6CE4-B668-41F7-A9CE-3B6B9A5F002B}
		{F97A6CE4-B668-41F7-A9CE-3B6B9A5F002B} = {C17118DB-D007-4A77-A48B-2BCC71BF2EAD}
		{74F5C8DF-C1C3-4A88-AC74-925D534F9928} = {C17118DB-D007-4A77-A48B-2BCC71BF2EAD}
		{33E69131-5246-4BBC-A1F2-F27366598A5C} = {74F5C8DF-C1C3-4A88-AC74-925D534F9928}
		{EA4FCED0-450C-47CB-9439-89916C5AEFBD} = {74F5C8DF-C1C3-4A88-AC74-925D534F9928}
		{7C49973A-22DB-4512-9EA0-16EBAC9BB8CE} = {74F5C8DF-C1C3-4A88-AC74-925D534F9928}
		{25A6E1A5-97B9-4381-A672-FB42C5550F5D} = {74F5C8DF-C1C3-4A88-AC74-925D534F9928}
		{055E3F14-00E5-4EC8-8FF2-4636424AB953} = {74F5C8DF-C1C3-4A88-AC74-925D534F9928}
		{8C5D1308-A345-4CFB-9F0A-1304171B8381} = {74F5C8DF-C1C3-4A88-AC74-925D534F9928}
		{F718FF30-A2B8-45B8-9A6E-4506CD32D6C6} = {74F5C8DF-C1C3-4A88-AC74-925D534F9928}
		{749F59EB-2914-4AE8-B34E-78A4769A8BC0} = {74F5C8DF-C1C3-4A88-AC74-925D534F9928}
		{BBAAAE7A-9255-4941-8659-CCABD28B7425} = {74F5C8DF-C1C3-4A88-AC74-925D534F9928}
		{DF6C2667-ADA0-4486-8543-B058F7C6D257} = {74F5C8DF-C1C3-4A88-AC74-925D534F9928}
		{45499325-920B-4BA4-BA81-AF44FC232F64} = {74F5C8DF-C1C3-4A88-AC74-925D534F9928}
		{D371200F-20CD-4326-A0AB-4D57D3D8FDEB} = {74F5C8DF-C1C3-4A88-AC74-925D534F9928}
		{7AEA9773-83C7-465C-B543-E67F1607A11E} = {74F5C8DF-C1C3-4A88-AC74-925D534F9928}
		{5D93D7A5-A1A4-4014-981A-6C19A459D906} = {74F5C8DF-C1C3-4A88-AC74-925D534F9928}
		{DBE00824-7439-44D5-8134-6638ECBF6098} = {74F5C8DF-C1C3-4A88-AC74-925D534F9928}
	EndGlobalSection
	GlobalSection(ExtensibilityGlobals) = postSolution
		SolutionGuid = {AB9526DD-7B10-4F7B-AAC5-DA83E631481A}
	EndGlobalSection
EndGlobal
