
Microsoft Visual Studio Solution File, Format Version 12.00
# Visual Studio 15
VisualStudioVersion = 15.0.27428.2037
MinimumVisualStudioVersion = 10.0.40219.1
Project("{FAE04EC0-301F-11D3-BF4B-00C04F79EFBC}") = "01_Yesterday", "01_Yesterday\01_Yesterday.csproj", "{B2A6EF6A-D32F-4064-9694-8AB7A1F4224D}"
EndProject
Project("{FAE04EC0-301F-11D3-BF4B-00C04F79EFBC}") = "02_PrimeTriangle", "02_PrimeTriangle\02_PrimeTriangle.csproj", "{88F7C055-47B2-47B4-84B9-8E41E34E62C1}"
EndProject
Project("{FAE04EC0-301F-11D3-BF4B-00C04F79EFBC}") = "BiggestPrimeNumber", "BiggestPrimeNumber\BiggestPrimeNumber.csproj", "{A52FBAD4-60F8-4BDF-ABA7-63E812AA4D4A}"
EndProject
Project("{FAE04EC0-301F-11D3-BF4B-00C04F79EFBC}") = "03_Hops", "03_Hops\03_Hops.csproj", "{D7F7A4D7-19E6-425F-8E8F-642BB044C314}"
EndProject
Global
	GlobalSection(SolutionConfigurationPlatforms) = preSolution
		Debug|Any CPU = Debug|Any CPU
		Release|Any CPU = Release|Any CPU
	EndGlobalSection
	GlobalSection(ProjectConfigurationPlatforms) = postSolution
		{B2A6EF6A-D32F-4064-9694-8AB7A1F4224D}.Debug|Any CPU.ActiveCfg = Debug|Any CPU
		{B2A6EF6A-D32F-4064-9694-8AB7A1F4224D}.Debug|Any CPU.Build.0 = Debug|Any CPU
		{B2A6EF6A-D32F-4064-9694-8AB7A1F4224D}.Release|Any CPU.ActiveCfg = Release|Any CPU
		{B2A6EF6A-D32F-4064-9694-8AB7A1F4224D}.Release|Any CPU.Build.0 = Release|Any CPU
		{88F7C055-47B2-47B4-84B9-8E41E34E62C1}.Debug|Any CPU.ActiveCfg = Debug|Any CPU
		{88F7C055-47B2-47B4-84B9-8E41E34E62C1}.Debug|Any CPU.Build.0 = Debug|Any CPU
		{88F7C055-47B2-47B4-84B9-8E41E34E62C1}.Release|Any CPU.ActiveCfg = Release|Any CPU
		{88F7C055-47B2-47B4-84B9-8E41E34E62C1}.Release|Any CPU.Build.0 = Release|Any CPU
		{A52FBAD4-60F8-4BDF-ABA7-63E812AA4D4A}.Debug|Any CPU.ActiveCfg = Debug|Any CPU
		{A52FBAD4-60F8-4BDF-ABA7-63E812AA4D4A}.Debug|Any CPU.Build.0 = Debug|Any CPU
		{A52FBAD4-60F8-4BDF-ABA7-63E812AA4D4A}.Release|Any CPU.ActiveCfg = Release|Any CPU
		{A52FBAD4-60F8-4BDF-ABA7-63E812AA4D4A}.Release|Any CPU.Build.0 = Release|Any CPU
		{D7F7A4D7-19E6-425F-8E8F-642BB044C314}.Debug|Any CPU.ActiveCfg = Debug|Any CPU
		{D7F7A4D7-19E6-425F-8E8F-642BB044C314}.Debug|Any CPU.Build.0 = Debug|Any CPU
		{D7F7A4D7-19E6-425F-8E8F-642BB044C314}.Release|Any CPU.ActiveCfg = Release|Any CPU
		{D7F7A4D7-19E6-425F-8E8F-642BB044C314}.Release|Any CPU.Build.0 = Release|Any CPU
	EndGlobalSection
	GlobalSection(SolutionProperties) = preSolution
		HideSolutionNode = FALSE
	EndGlobalSection
	GlobalSection(ExtensibilityGlobals) = postSolution
		SolutionGuid = {AAB081E0-D2F0-489C-9857-9792A2D843C5}
	EndGlobalSection
EndGlobal
