
Microsoft Visual Studio Solution File, Format Version 12.00
# Visual Studio 15
VisualStudioVersion = 15.0.28307.421
MinimumVisualStudioVersion = 10.0.40219.1
Project("{2150E333-8FDC-42A3-9474-1A3956D46DE8}") = "src", "src", "{3F3B9B12-146C-4F38-9C4F-71EC9813CDC0}"
EndProject
Project("{2150E333-8FDC-42A3-9474-1A3956D46DE8}") = "Presentation", "Presentation", "{0C358214-B9EF-42DD-8514-EDA7403EEA2C}"
EndProject
Project("{9A19103F-16F7-4668-BE54-9A1E7A4F7556}") = "RazorPagesMovie", "RazorPagesMovie\RazorPagesMovie.csproj", "{DF243109-FB6A-4A02-BC51-1E297C24FD27}"
EndProject
Project("{2150E333-8FDC-42A3-9474-1A3956D46DE8}") = "Models", "Models", "{E750FCE1-C71F-47BB-A80C-07FFB3F8F162}"
EndProject
Project("{9A19103F-16F7-4668-BE54-9A1E7A4F7556}") = "RazorPagesMovie.Models", "RazorPagesMovie.Models\RazorPagesMovie.Models.csproj", "{43F04F08-0A20-4E8F-8E4F-1BD95055D514}"
EndProject
Project("{2150E333-8FDC-42A3-9474-1A3956D46DE8}") = "Data", "Data", "{B2FA4DC6-B7AD-44E6-A623-15737DC8647C}"
EndProject
Project("{9A19103F-16F7-4668-BE54-9A1E7A4F7556}") = "RazorPagesMovie.Data", "RazorPagesMovie.Data\RazorPagesMovie.Data.csproj", "{F1DB521A-A9E6-4646-A2D3-D5B32CF2A6C0}"
EndProject
Project("{2150E333-8FDC-42A3-9474-1A3956D46DE8}") = "Business", "Business", "{5BD9653F-1F85-4E71-94BD-AAADAA111542}"
EndProject
Project("{9A19103F-16F7-4668-BE54-9A1E7A4F7556}") = "RazorPagesMovie.MovieServices", "RazorPagesMovie.MovieServices\RazorPagesMovie.MovieServices.csproj", "{C7866E7A-6130-4A48-A0E8-CC04F67D4F51}"
EndProject
Project("{2150E333-8FDC-42A3-9474-1A3956D46DE8}") = "Tests", "Tests", "{51E00D72-0587-436B-BA59-A3DBD6B3D02F}"
EndProject
Project("{2150E333-8FDC-42A3-9474-1A3956D46DE8}") = "ServicesTests", "ServicesTests", "{0D8B0073-40F8-4BC1-9EB8-452925E653A5}"
EndProject
Project("{9A19103F-16F7-4668-BE54-9A1E7A4F7556}") = "RazorPagesMovie.Tests.MovieService.Tests", "RazorPagesMovie.Tests.MovieService.Tests\RazorPagesMovie.Tests.MovieService.Tests.csproj", "{1C09CDDC-BEDC-42AB-8ED7-A8CCDCA6DBE6}"
EndProject
Project("{9A19103F-16F7-4668-BE54-9A1E7A4F7556}") = "ValidatorGuard", "ValidatorGuard\ValidatorGuard.csproj", "{997F8A53-420F-43A2-9D73-F0196416D8F7}"
EndProject
Global
	GlobalSection(SolutionConfigurationPlatforms) = preSolution
		Debug|Any CPU = Debug|Any CPU
		Release|Any CPU = Release|Any CPU
	EndGlobalSection
	GlobalSection(ProjectConfigurationPlatforms) = postSolution
		{DF243109-FB6A-4A02-BC51-1E297C24FD27}.Debug|Any CPU.ActiveCfg = Debug|Any CPU
		{DF243109-FB6A-4A02-BC51-1E297C24FD27}.Debug|Any CPU.Build.0 = Debug|Any CPU
		{DF243109-FB6A-4A02-BC51-1E297C24FD27}.Release|Any CPU.ActiveCfg = Release|Any CPU
		{DF243109-FB6A-4A02-BC51-1E297C24FD27}.Release|Any CPU.Build.0 = Release|Any CPU
		{43F04F08-0A20-4E8F-8E4F-1BD95055D514}.Debug|Any CPU.ActiveCfg = Debug|Any CPU
		{43F04F08-0A20-4E8F-8E4F-1BD95055D514}.Debug|Any CPU.Build.0 = Debug|Any CPU
		{43F04F08-0A20-4E8F-8E4F-1BD95055D514}.Release|Any CPU.ActiveCfg = Release|Any CPU
		{43F04F08-0A20-4E8F-8E4F-1BD95055D514}.Release|Any CPU.Build.0 = Release|Any CPU
		{F1DB521A-A9E6-4646-A2D3-D5B32CF2A6C0}.Debug|Any CPU.ActiveCfg = Debug|Any CPU
		{F1DB521A-A9E6-4646-A2D3-D5B32CF2A6C0}.Debug|Any CPU.Build.0 = Debug|Any CPU
		{F1DB521A-A9E6-4646-A2D3-D5B32CF2A6C0}.Release|Any CPU.ActiveCfg = Release|Any CPU
		{F1DB521A-A9E6-4646-A2D3-D5B32CF2A6C0}.Release|Any CPU.Build.0 = Release|Any CPU
		{C7866E7A-6130-4A48-A0E8-CC04F67D4F51}.Debug|Any CPU.ActiveCfg = Debug|Any CPU
		{C7866E7A-6130-4A48-A0E8-CC04F67D4F51}.Debug|Any CPU.Build.0 = Debug|Any CPU
		{C7866E7A-6130-4A48-A0E8-CC04F67D4F51}.Release|Any CPU.ActiveCfg = Release|Any CPU
		{C7866E7A-6130-4A48-A0E8-CC04F67D4F51}.Release|Any CPU.Build.0 = Release|Any CPU
		{1C09CDDC-BEDC-42AB-8ED7-A8CCDCA6DBE6}.Debug|Any CPU.ActiveCfg = Debug|Any CPU
		{1C09CDDC-BEDC-42AB-8ED7-A8CCDCA6DBE6}.Debug|Any CPU.Build.0 = Debug|Any CPU
		{1C09CDDC-BEDC-42AB-8ED7-A8CCDCA6DBE6}.Release|Any CPU.ActiveCfg = Release|Any CPU
		{1C09CDDC-BEDC-42AB-8ED7-A8CCDCA6DBE6}.Release|Any CPU.Build.0 = Release|Any CPU
		{997F8A53-420F-43A2-9D73-F0196416D8F7}.Debug|Any CPU.ActiveCfg = Debug|Any CPU
		{997F8A53-420F-43A2-9D73-F0196416D8F7}.Debug|Any CPU.Build.0 = Debug|Any CPU
		{997F8A53-420F-43A2-9D73-F0196416D8F7}.Release|Any CPU.ActiveCfg = Release|Any CPU
		{997F8A53-420F-43A2-9D73-F0196416D8F7}.Release|Any CPU.Build.0 = Release|Any CPU
	EndGlobalSection
	GlobalSection(SolutionProperties) = preSolution
		HideSolutionNode = FALSE
	EndGlobalSection
	GlobalSection(NestedProjects) = preSolution
		{0C358214-B9EF-42DD-8514-EDA7403EEA2C} = {3F3B9B12-146C-4F38-9C4F-71EC9813CDC0}
		{DF243109-FB6A-4A02-BC51-1E297C24FD27} = {0C358214-B9EF-42DD-8514-EDA7403EEA2C}
		{E750FCE1-C71F-47BB-A80C-07FFB3F8F162} = {3F3B9B12-146C-4F38-9C4F-71EC9813CDC0}
		{43F04F08-0A20-4E8F-8E4F-1BD95055D514} = {E750FCE1-C71F-47BB-A80C-07FFB3F8F162}
		{B2FA4DC6-B7AD-44E6-A623-15737DC8647C} = {3F3B9B12-146C-4F38-9C4F-71EC9813CDC0}
		{F1DB521A-A9E6-4646-A2D3-D5B32CF2A6C0} = {B2FA4DC6-B7AD-44E6-A623-15737DC8647C}
		{5BD9653F-1F85-4E71-94BD-AAADAA111542} = {3F3B9B12-146C-4F38-9C4F-71EC9813CDC0}
		{C7866E7A-6130-4A48-A0E8-CC04F67D4F51} = {5BD9653F-1F85-4E71-94BD-AAADAA111542}
		{51E00D72-0587-436B-BA59-A3DBD6B3D02F} = {3F3B9B12-146C-4F38-9C4F-71EC9813CDC0}
		{0D8B0073-40F8-4BC1-9EB8-452925E653A5} = {51E00D72-0587-436B-BA59-A3DBD6B3D02F}
		{1C09CDDC-BEDC-42AB-8ED7-A8CCDCA6DBE6} = {0D8B0073-40F8-4BC1-9EB8-452925E653A5}
		{997F8A53-420F-43A2-9D73-F0196416D8F7} = {5BD9653F-1F85-4E71-94BD-AAADAA111542}
	EndGlobalSection
	GlobalSection(ExtensibilityGlobals) = postSolution
		SolutionGuid = {A5E4FDD0-9DA4-4FBA-9C5E-96D7CB315461}
	EndGlobalSection
EndGlobal
